
Microsoft Visual Studio Solution File, Format Version 12.00
# Visual Studio 15
VisualStudioVersion = 15.0.28307.539
MinimumVisualStudioVersion = 10.0.40219.1
Project("{FAE04EC0-301F-11D3-BF4B-00C04F79EFBC}") = "GaleriaImagenes.Android", "GaleriaImagenes\GaleriaImagenes.Android\GaleriaImagenes.Android.csproj", "{C37991D6-9B34-4BEC-BD69-62FCB757D713}"
EndProject
Project("{FAE04EC0-301F-11D3-BF4B-00C04F79EFBC}") = "GaleriaImagenes.iOS", "GaleriaImagenes\GaleriaImagenes.iOS\GaleriaImagenes.iOS.csproj", "{D505AEA4-C9B7-46DF-AA1B-484A8FC85406}"
EndProject
Project("{9A19103F-16F7-4668-BE54-9A1E7A4F7556}") = "GaleriaImagenes", "GaleriaImagenes\GaleriaImagenes\GaleriaImagenes.csproj", "{F6FC7C2E-09E5-4990-8538-0843890786CE}"
EndProject
Global
	GlobalSection(SolutionConfigurationPlatforms) = preSolution
		Ad-Hoc|Any CPU = Ad-Hoc|Any CPU
		Ad-Hoc|ARM = Ad-Hoc|ARM
		Ad-Hoc|iPhone = Ad-Hoc|iPhone
		Ad-Hoc|iPhoneSimulator = Ad-Hoc|iPhoneSimulator
		Ad-Hoc|x64 = Ad-Hoc|x64
		Ad-Hoc|x86 = Ad-Hoc|x86
		AppStore|Any CPU = AppStore|Any CPU
		AppStore|ARM = AppStore|ARM
		AppStore|iPhone = AppStore|iPhone
		AppStore|iPhoneSimulator = AppStore|iPhoneSimulator
		AppStore|x64 = AppStore|x64
		AppStore|x86 = AppStore|x86
		Debug|Any CPU = Debug|Any CPU
		Debug|ARM = Debug|ARM
		Debug|iPhone = Debug|iPhone
		Debug|iPhoneSimulator = Debug|iPhoneSimulator
		Debug|x64 = Debug|x64
		Debug|x86 = Debug|x86
		Release|Any CPU = Release|Any CPU
		Release|ARM = Release|ARM
		Release|iPhone = Release|iPhone
		Release|iPhoneSimulator = Release|iPhoneSimulator
		Release|x64 = Release|x64
		Release|x86 = Release|x86
	EndGlobalSection
	GlobalSection(ProjectConfigurationPlatforms) = postSolution
		{C37991D6-9B34-4BEC-BD69-62FCB757D713}.Ad-Hoc|Any CPU.ActiveCfg = Release|Any CPU
		{C37991D6-9B34-4BEC-BD69-62FCB757D713}.Ad-Hoc|Any CPU.Build.0 = Release|Any CPU
		{C37991D6-9B34-4BEC-BD69-62FCB757D713}.Ad-Hoc|Any CPU.Deploy.0 = Release|Any CPU
		{C37991D6-9B34-4BEC-BD69-62FCB757D713}.Ad-Hoc|ARM.ActiveCfg = Release|Any CPU
		{C37991D6-9B34-4BEC-BD69-62FCB757D713}.Ad-Hoc|ARM.Build.0 = Release|Any CPU
		{C37991D6-9B34-4BEC-BD69-62FCB757D713}.Ad-Hoc|ARM.Deploy.0 = Release|Any CPU
		{C37991D6-9B34-4BEC-BD69-62FCB757D713}.Ad-Hoc|iPhone.ActiveCfg = Release|Any CPU
		{C37991D6-9B34-4BEC-BD69-62FCB757D713}.Ad-Hoc|iPhone.Build.0 = Release|Any CPU
		{C37991D6-9B34-4BEC-BD69-62FCB757D713}.Ad-Hoc|iPhone.Deploy.0 = Release|Any CPU
		{C37991D6-9B34-4BEC-BD69-62FCB757D713}.Ad-Hoc|iPhoneSimulator.ActiveCfg = Release|Any CPU
		{C37991D6-9B34-4BEC-BD69-62FCB757D713}.Ad-Hoc|iPhoneSimulator.Build.0 = Release|Any CPU
		{C37991D6-9B34-4BEC-BD69-62FCB757D713}.Ad-Hoc|iPhoneSimulator.Deploy.0 = Release|Any CPU
		{C37991D6-9B34-4BEC-BD69-62FCB757D713}.Ad-Hoc|x64.ActiveCfg = Release|Any CPU
		{C37991D6-9B34-4BEC-BD69-62FCB757D713}.Ad-Hoc|x64.Build.0 = Release|Any CPU
		{C37991D6-9B34-4BEC-BD69-62FCB757D713}.Ad-Hoc|x64.Deploy.0 = Release|Any CPU
		{C37991D6-9B34-4BEC-BD69-62FCB757D713}.Ad-Hoc|x86.ActiveCfg = Release|Any CPU
		{C37991D6-9B34-4BEC-BD69-62FCB757D713}.Ad-Hoc|x86.Build.0 = Release|Any CPU
		{C37991D6-9B34-4BEC-BD69-62FCB757D713}.Ad-Hoc|x86.Deploy.0 = Release|Any CPU
		{C37991D6-9B34-4BEC-BD69-62FCB757D713}.AppStore|Any CPU.ActiveCfg = Release|Any CPU
		{C37991D6-9B34-4BEC-BD69-62FCB757D713}.AppStore|Any CPU.Build.0 = Release|Any CPU
		{C37991D6-9B34-4BEC-BD69-62FCB757D713}.AppStore|Any CPU.Deploy.0 = Release|Any CPU
		{C37991D6-9B34-4BEC-BD69-62FCB757D713}.AppStore|ARM.ActiveCfg = Release|Any CPU
		{C37991D6-9B34-4BEC-BD69-62FCB757D713}.AppStore|ARM.Build.0 = Release|Any CPU
		{C37991D6-9B34-4BEC-BD69-62FCB757D713}.AppStore|ARM.Deploy.0 = Release|Any CPU
		{C37991D6-9B34-4BEC-BD69-62FCB757D713}.AppStore|iPhone.ActiveCfg = Release|Any CPU
		{C37991D6-9B34-4BEC-BD69-62FCB757D713}.AppStore|iPhone.Build.0 = Release|Any CPU
		{C37991D6-9B34-4BEC-BD69-62FCB757D713}.AppStore|iPhone.Deploy.0 = Release|Any CPU
		{C37991D6-9B34-4BEC-BD69-62FCB757D713}.AppStore|iPhoneSimulator.ActiveCfg = Release|Any CPU
		{C37991D6-9B34-4BEC-BD69-62FCB757D713}.AppStore|iPhoneSimulator.Build.0 = Release|Any CPU
		{C37991D6-9B34-4BEC-BD69-62FCB757D713}.AppStore|iPhoneSimulator.Deploy.0 = Release|Any CPU
		{C37991D6-9B34-4BEC-BD69-62FCB757D713}.AppStore|x64.ActiveCfg = Release|Any CPU
		{C37991D6-9B34-4BEC-BD69-62FCB757D713}.AppStore|x64.Build.0 = Release|Any CPU
		{C37991D6-9B34-4BEC-BD69-62FCB757D713}.AppStore|x64.Deploy.0 = Release|Any CPU
		{C37991D6-9B34-4BEC-BD69-62FCB757D713}.AppStore|x86.ActiveCfg = Release|Any CPU
		{C37991D6-9B34-4BEC-BD69-62FCB757D713}.AppStore|x86.Build.0 = Release|Any CPU
		{C37991D6-9B34-4BEC-BD69-62FCB757D713}.AppStore|x86.Deploy.0 = Release|Any CPU
		{C37991D6-9B34-4BEC-BD69-62FCB757D713}.Debug|Any CPU.ActiveCfg = Debug|Any CPU
		{C37991D6-9B34-4BEC-BD69-62FCB757D713}.Debug|Any CPU.Build.0 = Debug|Any CPU
		{C37991D6-9B34-4BEC-BD69-62FCB757D713}.Debug|Any CPU.Deploy.0 = Debug|Any CPU
		{C37991D6-9B34-4BEC-BD69-62FCB757D713}.Debug|ARM.ActiveCfg = Debug|Any CPU
		{C37991D6-9B34-4BEC-BD69-62FCB757D713}.Debug|ARM.Build.0 = Debug|Any CPU
		{C37991D6-9B34-4BEC-BD69-62FCB757D713}.Debug|ARM.Deploy.0 = Debug|Any CPU
		{C37991D6-9B34-4BEC-BD69-62FCB757D713}.Debug|iPhone.ActiveCfg = Debug|Any CPU
		{C37991D6-9B34-4BEC-BD69-62FCB757D713}.Debug|iPhone.Build.0 = Debug|Any CPU
		{C37991D6-9B34-4BEC-BD69-62FCB757D713}.Debug|iPhone.Deploy.0 = Debug|Any CPU
		{C37991D6-9B34-4BEC-BD69-62FCB757D713}.Debug|iPhoneSimulator.ActiveCfg = Debug|Any CPU
		{C37991D6-9B34-4BEC-BD69-62FCB757D713}.Debug|iPhoneSimulator.Build.0 = Debug|Any CPU
		{C37991D6-9B34-4BEC-BD69-62FCB757D713}.Debug|iPhoneSimulator.Deploy.0 = Debug|Any CPU
		{C37991D6-9B34-4BEC-BD69-62FCB757D713}.Debug|x64.ActiveCfg = Debug|Any CPU
		{C37991D6-9B34-4BEC-BD69-62FCB757D713}.Debug|x64.Build.0 = Debug|Any CPU
		{C37991D6-9B34-4BEC-BD69-62FCB757D713}.Debug|x64.Deploy.0 = Debug|Any CPU
		{C37991D6-9B34-4BEC-BD69-62FCB757D713}.Debug|x86.ActiveCfg = Debug|Any CPU
		{C37991D6-9B34-4BEC-BD69-62FCB757D713}.Debug|x86.Build.0 = Debug|Any CPU
		{C37991D6-9B34-4BEC-BD69-62FCB757D713}.Debug|x86.Deploy.0 = Debug|Any CPU
		{C37991D6-9B34-4BEC-BD69-62FCB757D713}.Release|Any CPU.ActiveCfg = Release|Any CPU
		{C37991D6-9B34-4BEC-BD69-62FCB757D713}.Release|Any CPU.Build.0 = Release|Any CPU
		{C37991D6-9B34-4BEC-BD69-62FCB757D713}.Release|Any CPU.Deploy.0 = Release|Any CPU
		{C37991D6-9B34-4BEC-BD69-62FCB757D713}.Release|ARM.ActiveCfg = Release|Any CPU
		{C37991D6-9B34-4BEC-BD69-62FCB757D713}.Release|ARM.Build.0 = Release|Any CPU
		{C37991D6-9B34-4BEC-BD69-62FCB757D713}.Release|ARM.Deploy.0 = Release|Any CPU
		{C37991D6-9B34-4BEC-BD69-62FCB757D713}.Release|iPhone.ActiveCfg = Release|Any CPU
		{C37991D6-9B34-4BEC-BD69-62FCB757D713}.Release|iPhone.Build.0 = Release|Any CPU
		{C37991D6-9B34-4BEC-BD69-62FCB757D713}.Release|iPhone.Deploy.0 = Release|Any CPU
		{C37991D6-9B34-4BEC-BD69-62FCB757D713}.Release|iPhoneSimulator.ActiveCfg = Release|Any CPU
		{C37991D6-9B34-4BEC-BD69-62FCB757D713}.Release|iPhoneSimulator.Build.0 = Release|Any CPU
		{C37991D6-9B34-4BEC-BD69-62FCB757D713}.Release|iPhoneSimulator.Deploy.0 = Release|Any CPU
		{C37991D6-9B34-4BEC-BD69-62FCB757D713}.Release|x64.ActiveCfg = Release|Any CPU
		{C37991D6-9B34-4BEC-BD69-62FCB757D713}.Release|x64.Build.0 = Release|Any CPU
		{C37991D6-9B34-4BEC-BD69-62FCB757D713}.Release|x64.Deploy.0 = Release|Any CPU
		{C37991D6-9B34-4BEC-BD69-62FCB757D713}.Release|x86.ActiveCfg = Release|Any CPU
		{C37991D6-9B34-4BEC-BD69-62FCB757D713}.Release|x86.Build.0 = Release|Any CPU
		{C37991D6-9B34-4BEC-BD69-62FCB757D713}.Release|x86.Deploy.0 = Release|Any CPU
		{D505AEA4-C9B7-46DF-AA1B-484A8FC85406}.Ad-Hoc|Any CPU.ActiveCfg = Ad-Hoc|iPhone
		{D505AEA4-C9B7-46DF-AA1B-484A8FC85406}.Ad-Hoc|Any CPU.Build.0 = Ad-Hoc|iPhone
		{D505AEA4-C9B7-46DF-AA1B-484A8FC85406}.Ad-Hoc|Any CPU.Deploy.0 = Ad-Hoc|iPhone
		{D505AEA4-C9B7-46DF-AA1B-484A8FC85406}.Ad-Hoc|ARM.ActiveCfg = Ad-Hoc|iPhone
		{D505AEA4-C9B7-46DF-AA1B-484A8FC85406}.Ad-Hoc|ARM.Build.0 = Ad-Hoc|iPhone
		{D505AEA4-C9B7-46DF-AA1B-484A8FC85406}.Ad-Hoc|ARM.Deploy.0 = Ad-Hoc|iPhone
		{D505AEA4-C9B7-46DF-AA1B-484A8FC85406}.Ad-Hoc|iPhone.ActiveCfg = Ad-Hoc|iPhone
		{D505AEA4-C9B7-46DF-AA1B-484A8FC85406}.Ad-Hoc|iPhone.Build.0 = Ad-Hoc|iPhone
		{D505AEA4-C9B7-46DF-AA1B-484A8FC85406}.Ad-Hoc|iPhone.Deploy.0 = Ad-Hoc|iPhone
		{D505AEA4-C9B7-46DF-AA1B-484A8FC85406}.Ad-Hoc|iPhoneSimulator.ActiveCfg = Ad-Hoc|iPhoneSimulator
		{D505AEA4-C9B7-46DF-AA1B-484A8FC85406}.Ad-Hoc|iPhoneSimulator.Build.0 = Ad-Hoc|iPhoneSimulator
		{D505AEA4-C9B7-46DF-AA1B-484A8FC85406}.Ad-Hoc|iPhoneSimulator.Deploy.0 = Ad-Hoc|iPhoneSimulator
		{D505AEA4-C9B7-46DF-AA1B-484A8FC85406}.Ad-Hoc|x64.ActiveCfg = Ad-Hoc|iPhone
		{D505AEA4-C9B7-46DF-AA1B-484A8FC85406}.Ad-Hoc|x64.Build.0 = Ad-Hoc|iPhone
		{D505AEA4-C9B7-46DF-AA1B-484A8FC85406}.Ad-Hoc|x64.Deploy.0 = Ad-Hoc|iPhone
		{D505AEA4-C9B7-46DF-AA1B-484A8FC85406}.Ad-Hoc|x86.ActiveCfg = Ad-Hoc|iPhone
		{D505AEA4-C9B7-46DF-AA1B-484A8FC85406}.Ad-Hoc|x86.Build.0 = Ad-Hoc|iPhone
		{D505AEA4-C9B7-46DF-AA1B-484A8FC85406}.Ad-Hoc|x86.Deploy.0 = Ad-Hoc|iPhone
		{D505AEA4-C9B7-46DF-AA1B-484A8FC85406}.AppStore|Any CPU.ActiveCfg = AppStore|iPhone
		{D505AEA4-C9B7-46DF-AA1B-484A8FC85406}.AppStore|Any CPU.Build.0 = AppStore|iPhone
		{D505AEA4-C9B7-46DF-AA1B-484A8FC85406}.AppStore|Any CPU.Deploy.0 = AppStore|iPhone
		{D505AEA4-C9B7-46DF-AA1B-484A8FC85406}.AppStore|ARM.ActiveCfg = AppStore|iPhone
		{D505AEA4-C9B7-46DF-AA1B-484A8FC85406}.AppStore|ARM.Build.0 = AppStore|iPhone
		{D505AEA4-C9B7-46DF-AA1B-484A8FC85406}.AppStore|ARM.Deploy.0 = AppStore|iPhone
		{D505AEA4-C9B7-46DF-AA1B-484A8FC85406}.AppStore|iPhone.ActiveCfg = AppStore|iPhone
		{D505AEA4-C9B7-46DF-AA1B-484A8FC85406}.AppStore|iPhone.Build.0 = AppStore|iPhone
		{D505AEA4-C9B7-46DF-AA1B-484A8FC85406}.AppStore|iPhone.Deploy.0 = AppStore|iPhone
		{D505AEA4-C9B7-46DF-AA1B-484A8FC85406}.AppStore|iPhoneSimulator.ActiveCfg = AppStore|iPhoneSimulator
		{D505AEA4-C9B7-46DF-AA1B-484A8FC85406}.AppStore|iPhoneSimulator.Build.0 = AppStore|iPhoneSimulator
		{D505AEA4-C9B7-46DF-AA1B-484A8FC85406}.AppStore|iPhoneSimulator.Deploy.0 = AppStore|iPhoneSimulator
		{D505AEA4-C9B7-46DF-AA1B-484A8FC85406}.AppStore|x64.ActiveCfg = AppStore|iPhone
		{D505AEA4-C9B7-46DF-AA1B-484A8FC85406}.AppStore|x64.Build.0 = AppStore|iPhone
		{D505AEA4-C9B7-46DF-AA1B-484A8FC85406}.AppStore|x64.Deploy.0 = AppStore|iPhone
		{D505AEA4-C9B7-46DF-AA1B-484A8FC85406}.AppStore|x86.ActiveCfg = AppStore|iPhone
		{D505AEA4-C9B7-46DF-AA1B-484A8FC85406}.AppStore|x86.Build.0 = AppStore|iPhone
		{D505AEA4-C9B7-46DF-AA1B-484A8FC85406}.AppStore|x86.Deploy.0 = AppStore|iPhone
		{D505AEA4-C9B7-46DF-AA1B-484A8FC85406}.Debug|Any CPU.ActiveCfg = Debug|iPhoneSimulator
		{D505AEA4-C9B7-46DF-AA1B-484A8FC85406}.Debug|Any CPU.Build.0 = Debug|iPhoneSimulator
		{D505AEA4-C9B7-46DF-AA1B-484A8FC85406}.Debug|Any CPU.Deploy.0 = Debug|iPhoneSimulator
		{D505AEA4-C9B7-46DF-AA1B-484A8FC85406}.Debug|ARM.ActiveCfg = Debug|iPhone
		{D505AEA4-C9B7-46DF-AA1B-484A8FC85406}.Debug|ARM.Build.0 = Debug|iPhone
		{D505AEA4-C9B7-46DF-AA1B-484A8FC85406}.Debug|ARM.Deploy.0 = Debug|iPhone
		{D505AEA4-C9B7-46DF-AA1B-484A8FC85406}.Debug|iPhone.ActiveCfg = Debug|iPhone
		{D505AEA4-C9B7-46DF-AA1B-484A8FC85406}.Debug|iPhone.Build.0 = Debug|iPhone
		{D505AEA4-C9B7-46DF-AA1B-484A8FC85406}.Debug|iPhone.Deploy.0 = Debug|iPhone
		{D505AEA4-C9B7-46DF-AA1B-484A8FC85406}.Debug|iPhoneSimulator.ActiveCfg = Debug|iPhoneSimulator
		{D505AEA4-C9B7-46DF-AA1B-484A8FC85406}.Debug|iPhoneSimulator.Build.0 = Debug|iPhoneSimulator
		{D505AEA4-C9B7-46DF-AA1B-484A8FC85406}.Debug|iPhoneSimulator.Deploy.0 = Debug|iPhoneSimulator
		{D505AEA4-C9B7-46DF-AA1B-484A8FC85406}.Debug|x64.ActiveCfg = Debug|iPhone
		{D505AEA4-C9B7-46DF-AA1B-484A8FC85406}.Debug|x64.Build.0 = Debug|iPhone
		{D505AEA4-C9B7-46DF-AA1B-484A8FC85406}.Debug|x64.Deploy.0 = Debug|iPhone
		{D505AEA4-C9B7-46DF-AA1B-484A8FC85406}.Debug|x86.ActiveCfg = Debug|iPhone
		{D505AEA4-C9B7-46DF-AA1B-484A8FC85406}.Debug|x86.Build.0 = Debug|iPhone
		{D505AEA4-C9B7-46DF-AA1B-484A8FC85406}.Debug|x86.Deploy.0 = Debug|iPhone
		{D505AEA4-C9B7-46DF-AA1B-484A8FC85406}.Release|Any CPU.ActiveCfg = Release|iPhone
		{D505AEA4-C9B7-46DF-AA1B-484A8FC85406}.Release|Any CPU.Build.0 = Release|iPhone
		{D505AEA4-C9B7-46DF-AA1B-484A8FC85406}.Release|Any CPU.Deploy.0 = Release|iPhone
		{D505AEA4-C9B7-46DF-AA1B-484A8FC85406}.Release|ARM.ActiveCfg = Release|iPhone
		{D505AEA4-C9B7-46DF-AA1B-484A8FC85406}.Release|ARM.Build.0 = Release|iPhone
		{D505AEA4-C9B7-46DF-AA1B-484A8FC85406}.Release|ARM.Deploy.0 = Release|iPhone
		{D505AEA4-C9B7-46DF-AA1B-484A8FC85406}.Release|iPhone.ActiveCfg = Release|iPhone
		{D505AEA4-C9B7-46DF-AA1B-484A8FC85406}.Release|iPhone.Build.0 = Release|iPhone
		{D505AEA4-C9B7-46DF-AA1B-484A8FC85406}.Release|iPhone.Deploy.0 = Release|iPhone
		{D505AEA4-C9B7-46DF-AA1B-484A8FC85406}.Release|iPhoneSimulator.ActiveCfg = Release|iPhoneSimulator
		{D505AEA4-C9B7-46DF-AA1B-484A8FC85406}.Release|iPhoneSimulator.Build.0 = Release|iPhoneSimulator
		{D505AEA4-C9B7-46DF-AA1B-484A8FC85406}.Release|iPhoneSimulator.Deploy.0 = Release|iPhoneSimulator
		{D505AEA4-C9B7-46DF-AA1B-484A8FC85406}.Release|x64.ActiveCfg = Release|iPhone
		{D505AEA4-C9B7-46DF-AA1B-484A8FC85406}.Release|x64.Build.0 = Release|iPhone
		{D505AEA4-C9B7-46DF-AA1B-484A8FC85406}.Release|x64.Deploy.0 = Release|iPhone
		{D505AEA4-C9B7-46DF-AA1B-484A8FC85406}.Release|x86.ActiveCfg = Release|iPhone
		{D505AEA4-C9B7-46DF-AA1B-484A8FC85406}.Release|x86.Build.0 = Release|iPhone
		{D505AEA4-C9B7-46DF-AA1B-484A8FC85406}.Release|x86.Deploy.0 = Release|iPhone
		{F6FC7C2E-09E5-4990-8538-0843890786CE}.Ad-Hoc|Any CPU.ActiveCfg = Debug|Any CPU
		{F6FC7C2E-09E5-4990-8538-0843890786CE}.Ad-Hoc|Any CPU.Build.0 = Debug|Any CPU
		{F6FC7C2E-09E5-4990-8538-0843890786CE}.Ad-Hoc|Any CPU.Deploy.0 = Debug|Any CPU
		{F6FC7C2E-09E5-4990-8538-0843890786CE}.Ad-Hoc|ARM.ActiveCfg = Debug|Any CPU
		{F6FC7C2E-09E5-4990-8538-0843890786CE}.Ad-Hoc|ARM.Build.0 = Debug|Any CPU
		{F6FC7C2E-09E5-4990-8538-0843890786CE}.Ad-Hoc|ARM.Deploy.0 = Debug|Any CPU
		{F6FC7C2E-09E5-4990-8538-0843890786CE}.Ad-Hoc|iPhone.ActiveCfg = Debug|Any CPU
		{F6FC7C2E-09E5-4990-8538-0843890786CE}.Ad-Hoc|iPhone.Build.0 = Debug|Any CPU
		{F6FC7C2E-09E5-4990-8538-0843890786CE}.Ad-Hoc|iPhone.Deploy.0 = Debug|Any CPU
		{F6FC7C2E-09E5-4990-8538-0843890786CE}.Ad-Hoc|iPhoneSimulator.ActiveCfg = Debug|Any CPU
		{F6FC7C2E-09E5-4990-8538-0843890786CE}.Ad-Hoc|iPhoneSimulator.Build.0 = Debug|Any CPU
		{F6FC7C2E-09E5-4990-8538-0843890786CE}.Ad-Hoc|iPhoneSimulator.Deploy.0 = Debug|Any CPU
		{F6FC7C2E-09E5-4990-8538-0843890786CE}.Ad-Hoc|x64.ActiveCfg = Debug|Any CPU
		{F6FC7C2E-09E5-4990-8538-0843890786CE}.Ad-Hoc|x64.Build.0 = Debug|Any CPU
		{F6FC7C2E-09E5-4990-8538-0843890786CE}.Ad-Hoc|x64.Deploy.0 = Debug|Any CPU
		{F6FC7C2E-09E5-4990-8538-0843890786CE}.Ad-Hoc|x86.ActiveCfg = Debug|Any CPU
		{F6FC7C2E-09E5-4990-8538-0843890786CE}.Ad-Hoc|x86.Build.0 = Debug|Any CPU
		{F6FC7C2E-09E5-4990-8538-0843890786CE}.Ad-Hoc|x86.Deploy.0 = Debug|Any CPU
		{F6FC7C2E-09E5-4990-8538-0843890786CE}.AppStore|Any CPU.ActiveCfg = Debug|Any CPU
		{F6FC7C2E-09E5-4990-8538-0843890786CE}.AppStore|Any CPU.Build.0 = Debug|Any CPU
		{F6FC7C2E-09E5-4990-8538-0843890786CE}.AppStore|Any CPU.Deploy.0 = Debug|Any CPU
		{F6FC7C2E-09E5-4990-8538-0843890786CE}.AppStore|ARM.ActiveCfg = Debug|Any CPU
		{F6FC7C2E-09E5-4990-8538-0843890786CE}.AppStore|ARM.Build.0 = Debug|Any CPU
		{F6FC7C2E-09E5-4990-8538-0843890786CE}.AppStore|ARM.Deploy.0 = Debug|Any CPU
		{F6FC7C2E-09E5-4990-8538-0843890786CE}.AppStore|iPhone.ActiveCfg = Debug|Any CPU
		{F6FC7C2E-09E5-4990-8538-0843890786CE}.AppStore|iPhone.Build.0 = Debug|Any CPU
		{F6FC7C2E-09E5-4990-8538-0843890786CE}.AppStore|iPhone.Deploy.0 = Debug|Any CPU
		{F6FC7C2E-09E5-4990-8538-0843890786CE}.AppStore|iPhoneSimulator.ActiveCfg = Debug|Any CPU
		{F6FC7C2E-09E5-4990-8538-0843890786CE}.AppStore|iPhoneSimulator.Build.0 = Debug|Any CPU
		{F6FC7C2E-09E5-4990-8538-0843890786CE}.AppStore|iPhoneSimulator.Deploy.0 = Debug|Any CPU
		{F6FC7C2E-09E5-4990-8538-0843890786CE}.AppStore|x64.ActiveCfg = Debug|Any CPU
		{F6FC7C2E-09E5-4990-8538-0843890786CE}.AppStore|x64.Build.0 = Debug|Any CPU
		{F6FC7C2E-09E5-4990-8538-0843890786CE}.AppStore|x64.Deploy.0 = Debug|Any CPU
		{F6FC7C2E-09E5-4990-8538-0843890786CE}.AppStore|x86.ActiveCfg = Debug|Any CPU
		{F6FC7C2E-09E5-4990-8538-0843890786CE}.AppStore|x86.Build.0 = Debug|Any CPU
		{F6FC7C2E-09E5-4990-8538-0843890786CE}.AppStore|x86.Deploy.0 = Debug|Any CPU
		{F6FC7C2E-09E5-4990-8538-0843890786CE}.Debug|Any CPU.ActiveCfg = Debug|Any CPU
		{F6FC7C2E-09E5-4990-8538-0843890786CE}.Debug|Any CPU.Build.0 = Debug|Any CPU
		{F6FC7C2E-09E5-4990-8538-0843890786CE}.Debug|Any CPU.Deploy.0 = Debug|Any CPU
		{F6FC7C2E-09E5-4990-8538-0843890786CE}.Debug|ARM.ActiveCfg = Debug|Any CPU
		{F6FC7C2E-09E5-4990-8538-0843890786CE}.Debug|ARM.Build.0 = Debug|Any CPU
		{F6FC7C2E-09E5-4990-8538-0843890786CE}.Debug|ARM.Deploy.0 = Debug|Any CPU
		{F6FC7C2E-09E5-4990-8538-0843890786CE}.Debug|iPhone.ActiveCfg = Debug|Any CPU
		{F6FC7C2E-09E5-4990-8538-0843890786CE}.Debug|iPhone.Build.0 = Debug|Any CPU
		{F6FC7C2E-09E5-4990-8538-0843890786CE}.Debug|iPhone.Deploy.0 = Debug|Any CPU
		{F6FC7C2E-09E5-4990-8538-0843890786CE}.Debug|iPhoneSimulator.ActiveCfg = Debug|Any CPU
		{F6FC7C2E-09E5-4990-8538-0843890786CE}.Debug|iPhoneSimulator.Build.0 = Debug|Any CPU
		{F6FC7C2E-09E5-4990-8538-0843890786CE}.Debug|iPhoneSimulator.Deploy.0 = Debug|Any CPU
		{F6FC7C2E-09E5-4990-8538-0843890786CE}.Debug|x64.ActiveCfg = Debug|Any CPU
		{F6FC7C2E-09E5-4990-8538-0843890786CE}.Debug|x64.Build.0 = Debug|Any CPU
		{F6FC7C2E-09E5-4990-8538-0843890786CE}.Debug|x64.Deploy.0 = Debug|Any CPU
		{F6FC7C2E-09E5-4990-8538-0843890786CE}.Debug|x86.ActiveCfg = Debug|Any CPU
		{F6FC7C2E-09E5-4990-8538-0843890786CE}.Debug|x86.Build.0 = Debug|Any CPU
		{F6FC7C2E-09E5-4990-8538-0843890786CE}.Debug|x86.Deploy.0 = Debug|Any CPU
		{F6FC7C2E-09E5-4990-8538-0843890786CE}.Release|Any CPU.ActiveCfg = Release|Any CPU
		{F6FC7C2E-09E5-4990-8538-0843890786CE}.Release|Any CPU.Build.0 = Release|Any CPU
		{F6FC7C2E-09E5-4990-8538-0843890786CE}.Release|Any CPU.Deploy.0 = Release|Any CPU
		{F6FC7C2E-09E5-4990-8538-0843890786CE}.Release|ARM.ActiveCfg = Release|Any CPU
		{F6FC7C2E-09E5-4990-8538-0843890786CE}.Release|ARM.Build.0 = Release|Any CPU
		{F6FC7C2E-09E5-4990-8538-0843890786CE}.Release|ARM.Deploy.0 = Release|Any CPU
		{F6FC7C2E-09E5-4990-8538-0843890786CE}.Release|iPhone.ActiveCfg = Release|Any CPU
		{F6FC7C2E-09E5-4990-8538-0843890786CE}.Release|iPhone.Build.0 = Release|Any CPU
		{F6FC7C2E-09E5-4990-8538-0843890786CE}.Release|iPhone.Deploy.0 = Release|Any CPU
		{F6FC7C2E-09E5-4990-8538-0843890786CE}.Release|iPhoneSimulator.ActiveCfg = Release|Any CPU
		{F6FC7C2E-09E5-4990-8538-0843890786CE}.Release|iPhoneSimulator.Build.0 = Release|Any CPU
		{F6FC7C2E-09E5-4990-8538-0843890786CE}.Release|iPhoneSimulator.Deploy.0 = Release|Any CPU
		{F6FC7C2E-09E5-4990-8538-0843890786CE}.Release|x64.ActiveCfg = Release|Any CPU
		{F6FC7C2E-09E5-4990-8538-0843890786CE}.Release|x64.Build.0 = Release|Any CPU
		{F6FC7C2E-09E5-4990-8538-0843890786CE}.Release|x64.Deploy.0 = Release|Any CPU
		{F6FC7C2E-09E5-4990-8538-0843890786CE}.Release|x86.ActiveCfg = Release|Any CPU
		{F6FC7C2E-09E5-4990-8538-0843890786CE}.Release|x86.Build.0 = Release|Any CPU
		{F6FC7C2E-09E5-4990-8538-0843890786CE}.Release|x86.Deploy.0 = Release|Any CPU
	EndGlobalSection
	GlobalSection(SolutionProperties) = preSolution
		HideSolutionNode = FALSE
	EndGlobalSection
	GlobalSection(ExtensibilityGlobals) = postSolution
		SolutionGuid = {8F49D3E3-39A8-4AF7-8923-D8F96C9C143D}
	EndGlobalSection
EndGlobal
