
Microsoft Visual Studio Solution File, Format Version 12.00
# Visual Studio 15
VisualStudioVersion = 15.0.28307.329
MinimumVisualStudioVersion = 10.0.40219.1
Project("{FAE04EC0-301F-11D3-BF4B-00C04F79EFBC}") = "BasesDatos.Android", "BasesDatos\BasesDatos.Android\BasesDatos.Android.csproj", "{6892B74C-B597-43D5-ACAA-176E155D539F}"
EndProject
Project("{FAE04EC0-301F-11D3-BF4B-00C04F79EFBC}") = "BasesDatos.iOS", "BasesDatos\BasesDatos.iOS\BasesDatos.iOS.csproj", "{277AD9DF-39B7-4095-BE6B-E1C2726C2B43}"
EndProject
Project("{FAE04EC0-301F-11D3-BF4B-00C04F79EFBC}") = "BasesDatos.UWP", "BasesDatos\BasesDatos.UWP\BasesDatos.UWP.csproj", "{FAD1C0B2-22CB-4869-8A46-573E3B048E16}"
EndProject
Project("{FAE04EC0-301F-11D3-BF4B-00C04F79EFBC}") = "BasesDatos", "BasesDatos\BasesDatos\BasesDatos.csproj", "{027C793E-7A42-4E32-87A0-1918AAD79798}"
EndProject
Global
	GlobalSection(SolutionConfigurationPlatforms) = preSolution
		Ad-Hoc|Any CPU = Ad-Hoc|Any CPU
		Ad-Hoc|ARM = Ad-Hoc|ARM
		Ad-Hoc|iPhone = Ad-Hoc|iPhone
		Ad-Hoc|iPhoneSimulator = Ad-Hoc|iPhoneSimulator
		Ad-Hoc|x64 = Ad-Hoc|x64
		Ad-Hoc|x86 = Ad-Hoc|x86
		AppStore|Any CPU = AppStore|Any CPU
		AppStore|ARM = AppStore|ARM
		AppStore|iPhone = AppStore|iPhone
		AppStore|iPhoneSimulator = AppStore|iPhoneSimulator
		AppStore|x64 = AppStore|x64
		AppStore|x86 = AppStore|x86
		Debug|Any CPU = Debug|Any CPU
		Debug|ARM = Debug|ARM
		Debug|iPhone = Debug|iPhone
		Debug|iPhoneSimulator = Debug|iPhoneSimulator
		Debug|x64 = Debug|x64
		Debug|x86 = Debug|x86
		Release|Any CPU = Release|Any CPU
		Release|ARM = Release|ARM
		Release|iPhone = Release|iPhone
		Release|iPhoneSimulator = Release|iPhoneSimulator
		Release|x64 = Release|x64
		Release|x86 = Release|x86
	EndGlobalSection
	GlobalSection(ProjectConfigurationPlatforms) = postSolution
		{6892B74C-B597-43D5-ACAA-176E155D539F}.Ad-Hoc|Any CPU.ActiveCfg = Release|Any CPU
		{6892B74C-B597-43D5-ACAA-176E155D539F}.Ad-Hoc|Any CPU.Build.0 = Release|Any CPU
		{6892B74C-B597-43D5-ACAA-176E155D539F}.Ad-Hoc|Any CPU.Deploy.0 = Release|Any CPU
		{6892B74C-B597-43D5-ACAA-176E155D539F}.Ad-Hoc|ARM.ActiveCfg = Release|Any CPU
		{6892B74C-B597-43D5-ACAA-176E155D539F}.Ad-Hoc|ARM.Build.0 = Release|Any CPU
		{6892B74C-B597-43D5-ACAA-176E155D539F}.Ad-Hoc|ARM.Deploy.0 = Release|Any CPU
		{6892B74C-B597-43D5-ACAA-176E155D539F}.Ad-Hoc|iPhone.ActiveCfg = Release|Any CPU
		{6892B74C-B597-43D5-ACAA-176E155D539F}.Ad-Hoc|iPhone.Build.0 = Release|Any CPU
		{6892B74C-B597-43D5-ACAA-176E155D539F}.Ad-Hoc|iPhone.Deploy.0 = Release|Any CPU
		{6892B74C-B597-43D5-ACAA-176E155D539F}.Ad-Hoc|iPhoneSimulator.ActiveCfg = Release|Any CPU
		{6892B74C-B597-43D5-ACAA-176E155D539F}.Ad-Hoc|iPhoneSimulator.Build.0 = Release|Any CPU
		{6892B74C-B597-43D5-ACAA-176E155D539F}.Ad-Hoc|iPhoneSimulator.Deploy.0 = Release|Any CPU
		{6892B74C-B597-43D5-ACAA-176E155D539F}.Ad-Hoc|x64.ActiveCfg = Release|Any CPU
		{6892B74C-B597-43D5-ACAA-176E155D539F}.Ad-Hoc|x64.Build.0 = Release|Any CPU
		{6892B74C-B597-43D5-ACAA-176E155D539F}.Ad-Hoc|x64.Deploy.0 = Release|Any CPU
		{6892B74C-B597-43D5-ACAA-176E155D539F}.Ad-Hoc|x86.ActiveCfg = Release|Any CPU
		{6892B74C-B597-43D5-ACAA-176E155D539F}.Ad-Hoc|x86.Build.0 = Release|Any CPU
		{6892B74C-B597-43D5-ACAA-176E155D539F}.Ad-Hoc|x86.Deploy.0 = Release|Any CPU
		{6892B74C-B597-43D5-ACAA-176E155D539F}.AppStore|Any CPU.ActiveCfg = Release|Any CPU
		{6892B74C-B597-43D5-ACAA-176E155D539F}.AppStore|Any CPU.Build.0 = Release|Any CPU
		{6892B74C-B597-43D5-ACAA-176E155D539F}.AppStore|Any CPU.Deploy.0 = Release|Any CPU
		{6892B74C-B597-43D5-ACAA-176E155D539F}.AppStore|ARM.ActiveCfg = Release|Any CPU
		{6892B74C-B597-43D5-ACAA-176E155D539F}.AppStore|ARM.Build.0 = Release|Any CPU
		{6892B74C-B597-43D5-ACAA-176E155D539F}.AppStore|ARM.Deploy.0 = Release|Any CPU
		{6892B74C-B597-43D5-ACAA-176E155D539F}.AppStore|iPhone.ActiveCfg = Release|Any CPU
		{6892B74C-B597-43D5-ACAA-176E155D539F}.AppStore|iPhone.Build.0 = Release|Any CPU
		{6892B74C-B597-43D5-ACAA-176E155D539F}.AppStore|iPhone.Deploy.0 = Release|Any CPU
		{6892B74C-B597-43D5-ACAA-176E155D539F}.AppStore|iPhoneSimulator.ActiveCfg = Release|Any CPU
		{6892B74C-B597-43D5-ACAA-176E155D539F}.AppStore|iPhoneSimulator.Build.0 = Release|Any CPU
		{6892B74C-B597-43D5-ACAA-176E155D539F}.AppStore|iPhoneSimulator.Deploy.0 = Release|Any CPU
		{6892B74C-B597-43D5-ACAA-176E155D539F}.AppStore|x64.ActiveCfg = Release|Any CPU
		{6892B74C-B597-43D5-ACAA-176E155D539F}.AppStore|x64.Build.0 = Release|Any CPU
		{6892B74C-B597-43D5-ACAA-176E155D539F}.AppStore|x64.Deploy.0 = Release|Any CPU
		{6892B74C-B597-43D5-ACAA-176E155D539F}.AppStore|x86.ActiveCfg = Release|Any CPU
		{6892B74C-B597-43D5-ACAA-176E155D539F}.AppStore|x86.Build.0 = Release|Any CPU
		{6892B74C-B597-43D5-ACAA-176E155D539F}.AppStore|x86.Deploy.0 = Release|Any CPU
		{6892B74C-B597-43D5-ACAA-176E155D539F}.Debug|Any CPU.ActiveCfg = Debug|Any CPU
		{6892B74C-B597-43D5-ACAA-176E155D539F}.Debug|Any CPU.Build.0 = Debug|Any CPU
		{6892B74C-B597-43D5-ACAA-176E155D539F}.Debug|Any CPU.Deploy.0 = Debug|Any CPU
		{6892B74C-B597-43D5-ACAA-176E155D539F}.Debug|ARM.ActiveCfg = Debug|Any CPU
		{6892B74C-B597-43D5-ACAA-176E155D539F}.Debug|ARM.Build.0 = Debug|Any CPU
		{6892B74C-B597-43D5-ACAA-176E155D539F}.Debug|ARM.Deploy.0 = Debug|Any CPU
		{6892B74C-B597-43D5-ACAA-176E155D539F}.Debug|iPhone.ActiveCfg = Debug|Any CPU
		{6892B74C-B597-43D5-ACAA-176E155D539F}.Debug|iPhone.Build.0 = Debug|Any CPU
		{6892B74C-B597-43D5-ACAA-176E155D539F}.Debug|iPhone.Deploy.0 = Debug|Any CPU
		{6892B74C-B597-43D5-ACAA-176E155D539F}.Debug|iPhoneSimulator.ActiveCfg = Debug|Any CPU
		{6892B74C-B597-43D5-ACAA-176E155D539F}.Debug|iPhoneSimulator.Build.0 = Debug|Any CPU
		{6892B74C-B597-43D5-ACAA-176E155D539F}.Debug|iPhoneSimulator.Deploy.0 = Debug|Any CPU
		{6892B74C-B597-43D5-ACAA-176E155D539F}.Debug|x64.ActiveCfg = Debug|Any CPU
		{6892B74C-B597-43D5-ACAA-176E155D539F}.Debug|x64.Build.0 = Debug|Any CPU
		{6892B74C-B597-43D5-ACAA-176E155D539F}.Debug|x64.Deploy.0 = Debug|Any CPU
		{6892B74C-B597-43D5-ACAA-176E155D539F}.Debug|x86.ActiveCfg = Debug|Any CPU
		{6892B74C-B597-43D5-ACAA-176E155D539F}.Debug|x86.Build.0 = Debug|Any CPU
		{6892B74C-B597-43D5-ACAA-176E155D539F}.Debug|x86.Deploy.0 = Debug|Any CPU
		{6892B74C-B597-43D5-ACAA-176E155D539F}.Release|Any CPU.ActiveCfg = Release|Any CPU
		{6892B74C-B597-43D5-ACAA-176E155D539F}.Release|Any CPU.Build.0 = Release|Any CPU
		{6892B74C-B597-43D5-ACAA-176E155D539F}.Release|Any CPU.Deploy.0 = Release|Any CPU
		{6892B74C-B597-43D5-ACAA-176E155D539F}.Release|ARM.ActiveCfg = Release|Any CPU
		{6892B74C-B597-43D5-ACAA-176E155D539F}.Release|ARM.Build.0 = Release|Any CPU
		{6892B74C-B597-43D5-ACAA-176E155D539F}.Release|ARM.Deploy.0 = Release|Any CPU
		{6892B74C-B597-43D5-ACAA-176E155D539F}.Release|iPhone.ActiveCfg = Release|Any CPU
		{6892B74C-B597-43D5-ACAA-176E155D539F}.Release|iPhone.Build.0 = Release|Any CPU
		{6892B74C-B597-43D5-ACAA-176E155D539F}.Release|iPhone.Deploy.0 = Release|Any CPU
		{6892B74C-B597-43D5-ACAA-176E155D539F}.Release|iPhoneSimulator.ActiveCfg = Release|Any CPU
		{6892B74C-B597-43D5-ACAA-176E155D539F}.Release|iPhoneSimulator.Build.0 = Release|Any CPU
		{6892B74C-B597-43D5-ACAA-176E155D539F}.Release|iPhoneSimulator.Deploy.0 = Release|Any CPU
		{6892B74C-B597-43D5-ACAA-176E155D539F}.Release|x64.ActiveCfg = Release|Any CPU
		{6892B74C-B597-43D5-ACAA-176E155D539F}.Release|x64.Build.0 = Release|Any CPU
		{6892B74C-B597-43D5-ACAA-176E155D539F}.Release|x64.Deploy.0 = Release|Any CPU
		{6892B74C-B597-43D5-ACAA-176E155D539F}.Release|x86.ActiveCfg = Release|Any CPU
		{6892B74C-B597-43D5-ACAA-176E155D539F}.Release|x86.Build.0 = Release|Any CPU
		{6892B74C-B597-43D5-ACAA-176E155D539F}.Release|x86.Deploy.0 = Release|Any CPU
		{277AD9DF-39B7-4095-BE6B-E1C2726C2B43}.Ad-Hoc|Any CPU.ActiveCfg = Ad-Hoc|iPhone
		{277AD9DF-39B7-4095-BE6B-E1C2726C2B43}.Ad-Hoc|Any CPU.Build.0 = Ad-Hoc|iPhone
		{277AD9DF-39B7-4095-BE6B-E1C2726C2B43}.Ad-Hoc|Any CPU.Deploy.0 = Ad-Hoc|iPhone
		{277AD9DF-39B7-4095-BE6B-E1C2726C2B43}.Ad-Hoc|ARM.ActiveCfg = Ad-Hoc|iPhone
		{277AD9DF-39B7-4095-BE6B-E1C2726C2B43}.Ad-Hoc|ARM.Build.0 = Ad-Hoc|iPhone
		{277AD9DF-39B7-4095-BE6B-E1C2726C2B43}.Ad-Hoc|ARM.Deploy.0 = Ad-Hoc|iPhone
		{277AD9DF-39B7-4095-BE6B-E1C2726C2B43}.Ad-Hoc|iPhone.ActiveCfg = Ad-Hoc|iPhone
		{277AD9DF-39B7-4095-BE6B-E1C2726C2B43}.Ad-Hoc|iPhone.Build.0 = Ad-Hoc|iPhone
		{277AD9DF-39B7-4095-BE6B-E1C2726C2B43}.Ad-Hoc|iPhone.Deploy.0 = Ad-Hoc|iPhone
		{277AD9DF-39B7-4095-BE6B-E1C2726C2B43}.Ad-Hoc|iPhoneSimulator.ActiveCfg = Ad-Hoc|iPhoneSimulator
		{277AD9DF-39B7-4095-BE6B-E1C2726C2B43}.Ad-Hoc|iPhoneSimulator.Build.0 = Ad-Hoc|iPhoneSimulator
		{277AD9DF-39B7-4095-BE6B-E1C2726C2B43}.Ad-Hoc|iPhoneSimulator.Deploy.0 = Ad-Hoc|iPhoneSimulator
		{277AD9DF-39B7-4095-BE6B-E1C2726C2B43}.Ad-Hoc|x64.ActiveCfg = Ad-Hoc|iPhone
		{277AD9DF-39B7-4095-BE6B-E1C2726C2B43}.Ad-Hoc|x64.Build.0 = Ad-Hoc|iPhone
		{277AD9DF-39B7-4095-BE6B-E1C2726C2B43}.Ad-Hoc|x64.Deploy.0 = Ad-Hoc|iPhone
		{277AD9DF-39B7-4095-BE6B-E1C2726C2B43}.Ad-Hoc|x86.ActiveCfg = Ad-Hoc|iPhone
		{277AD9DF-39B7-4095-BE6B-E1C2726C2B43}.Ad-Hoc|x86.Build.0 = Ad-Hoc|iPhone
		{277AD9DF-39B7-4095-BE6B-E1C2726C2B43}.Ad-Hoc|x86.Deploy.0 = Ad-Hoc|iPhone
		{277AD9DF-39B7-4095-BE6B-E1C2726C2B43}.AppStore|Any CPU.ActiveCfg = AppStore|iPhone
		{277AD9DF-39B7-4095-BE6B-E1C2726C2B43}.AppStore|Any CPU.Build.0 = AppStore|iPhone
		{277AD9DF-39B7-4095-BE6B-E1C2726C2B43}.AppStore|Any CPU.Deploy.0 = AppStore|iPhone
		{277AD9DF-39B7-4095-BE6B-E1C2726C2B43}.AppStore|ARM.ActiveCfg = AppStore|iPhone
		{277AD9DF-39B7-4095-BE6B-E1C2726C2B43}.AppStore|ARM.Build.0 = AppStore|iPhone
		{277AD9DF-39B7-4095-BE6B-E1C2726C2B43}.AppStore|ARM.Deploy.0 = AppStore|iPhone
		{277AD9DF-39B7-4095-BE6B-E1C2726C2B43}.AppStore|iPhone.ActiveCfg = AppStore|iPhone
		{277AD9DF-39B7-4095-BE6B-E1C2726C2B43}.AppStore|iPhone.Build.0 = AppStore|iPhone
		{277AD9DF-39B7-4095-BE6B-E1C2726C2B43}.AppStore|iPhone.Deploy.0 = AppStore|iPhone
		{277AD9DF-39B7-4095-BE6B-E1C2726C2B43}.AppStore|iPhoneSimulator.ActiveCfg = AppStore|iPhoneSimulator
		{277AD9DF-39B7-4095-BE6B-E1C2726C2B43}.AppStore|iPhoneSimulator.Build.0 = AppStore|iPhoneSimulator
		{277AD9DF-39B7-4095-BE6B-E1C2726C2B43}.AppStore|iPhoneSimulator.Deploy.0 = AppStore|iPhoneSimulator
		{277AD9DF-39B7-4095-BE6B-E1C2726C2B43}.AppStore|x64.ActiveCfg = AppStore|iPhone
		{277AD9DF-39B7-4095-BE6B-E1C2726C2B43}.AppStore|x64.Build.0 = AppStore|iPhone
		{277AD9DF-39B7-4095-BE6B-E1C2726C2B43}.AppStore|x64.Deploy.0 = AppStore|iPhone
		{277AD9DF-39B7-4095-BE6B-E1C2726C2B43}.AppStore|x86.ActiveCfg = AppStore|iPhone
		{277AD9DF-39B7-4095-BE6B-E1C2726C2B43}.AppStore|x86.Build.0 = AppStore|iPhone
		{277AD9DF-39B7-4095-BE6B-E1C2726C2B43}.AppStore|x86.Deploy.0 = AppStore|iPhone
		{277AD9DF-39B7-4095-BE6B-E1C2726C2B43}.Debug|Any CPU.ActiveCfg = Debug|iPhoneSimulator
		{277AD9DF-39B7-4095-BE6B-E1C2726C2B43}.Debug|Any CPU.Build.0 = Debug|iPhoneSimulator
		{277AD9DF-39B7-4095-BE6B-E1C2726C2B43}.Debug|Any CPU.Deploy.0 = Debug|iPhoneSimulator
		{277AD9DF-39B7-4095-BE6B-E1C2726C2B43}.Debug|ARM.ActiveCfg = Debug|iPhone
		{277AD9DF-39B7-4095-BE6B-E1C2726C2B43}.Debug|ARM.Build.0 = Debug|iPhone
		{277AD9DF-39B7-4095-BE6B-E1C2726C2B43}.Debug|ARM.Deploy.0 = Debug|iPhone
		{277AD9DF-39B7-4095-BE6B-E1C2726C2B43}.Debug|iPhone.ActiveCfg = Debug|iPhone
		{277AD9DF-39B7-4095-BE6B-E1C2726C2B43}.Debug|iPhone.Build.0 = Debug|iPhone
		{277AD9DF-39B7-4095-BE6B-E1C2726C2B43}.Debug|iPhone.Deploy.0 = Debug|iPhone
		{277AD9DF-39B7-4095-BE6B-E1C2726C2B43}.Debug|iPhoneSimulator.ActiveCfg = Debug|iPhoneSimulator
		{277AD9DF-39B7-4095-BE6B-E1C2726C2B43}.Debug|iPhoneSimulator.Build.0 = Debug|iPhoneSimulator
		{277AD9DF-39B7-4095-BE6B-E1C2726C2B43}.Debug|iPhoneSimulator.Deploy.0 = Debug|iPhoneSimulator
		{277AD9DF-39B7-4095-BE6B-E1C2726C2B43}.Debug|x64.ActiveCfg = Debug|iPhone
		{277AD9DF-39B7-4095-BE6B-E1C2726C2B43}.Debug|x64.Build.0 = Debug|iPhone
		{277AD9DF-39B7-4095-BE6B-E1C2726C2B43}.Debug|x64.Deploy.0 = Debug|iPhone
		{277AD9DF-39B7-4095-BE6B-E1C2726C2B43}.Debug|x86.ActiveCfg = Debug|iPhone
		{277AD9DF-39B7-4095-BE6B-E1C2726C2B43}.Debug|x86.Build.0 = Debug|iPhone
		{277AD9DF-39B7-4095-BE6B-E1C2726C2B43}.Debug|x86.Deploy.0 = Debug|iPhone
		{277AD9DF-39B7-4095-BE6B-E1C2726C2B43}.Release|Any CPU.ActiveCfg = Release|iPhone
		{277AD9DF-39B7-4095-BE6B-E1C2726C2B43}.Release|Any CPU.Build.0 = Release|iPhone
		{277AD9DF-39B7-4095-BE6B-E1C2726C2B43}.Release|Any CPU.Deploy.0 = Release|iPhone
		{277AD9DF-39B7-4095-BE6B-E1C2726C2B43}.Release|ARM.ActiveCfg = Release|iPhone
		{277AD9DF-39B7-4095-BE6B-E1C2726C2B43}.Release|ARM.Build.0 = Release|iPhone
		{277AD9DF-39B7-4095-BE6B-E1C2726C2B43}.Release|ARM.Deploy.0 = Release|iPhone
		{277AD9DF-39B7-4095-BE6B-E1C2726C2B43}.Release|iPhone.ActiveCfg = Release|iPhone
		{277AD9DF-39B7-4095-BE6B-E1C2726C2B43}.Release|iPhone.Build.0 = Release|iPhone
		{277AD9DF-39B7-4095-BE6B-E1C2726C2B43}.Release|iPhone.Deploy.0 = Release|iPhone
		{277AD9DF-39B7-4095-BE6B-E1C2726C2B43}.Release|iPhoneSimulator.ActiveCfg = Release|iPhoneSimulator
		{277AD9DF-39B7-4095-BE6B-E1C2726C2B43}.Release|iPhoneSimulator.Build.0 = Release|iPhoneSimulator
		{277AD9DF-39B7-4095-BE6B-E1C2726C2B43}.Release|iPhoneSimulator.Deploy.0 = Release|iPhoneSimulator
		{277AD9DF-39B7-4095-BE6B-E1C2726C2B43}.Release|x64.ActiveCfg = Release|iPhone
		{277AD9DF-39B7-4095-BE6B-E1C2726C2B43}.Release|x64.Build.0 = Release|iPhone
		{277AD9DF-39B7-4095-BE6B-E1C2726C2B43}.Release|x64.Deploy.0 = Release|iPhone
		{277AD9DF-39B7-4095-BE6B-E1C2726C2B43}.Release|x86.ActiveCfg = Release|iPhone
		{277AD9DF-39B7-4095-BE6B-E1C2726C2B43}.Release|x86.Build.0 = Release|iPhone
		{277AD9DF-39B7-4095-BE6B-E1C2726C2B43}.Release|x86.Deploy.0 = Release|iPhone
		{FAD1C0B2-22CB-4869-8A46-573E3B048E16}.Ad-Hoc|Any CPU.ActiveCfg = Release|x86
		{FAD1C0B2-22CB-4869-8A46-573E3B048E16}.Ad-Hoc|Any CPU.Build.0 = Release|x86
		{FAD1C0B2-22CB-4869-8A46-573E3B048E16}.Ad-Hoc|Any CPU.Deploy.0 = Release|x86
		{FAD1C0B2-22CB-4869-8A46-573E3B048E16}.Ad-Hoc|ARM.ActiveCfg = Release|ARM
		{FAD1C0B2-22CB-4869-8A46-573E3B048E16}.Ad-Hoc|ARM.Build.0 = Release|ARM
		{FAD1C0B2-22CB-4869-8A46-573E3B048E16}.Ad-Hoc|ARM.Deploy.0 = Release|ARM
		{FAD1C0B2-22CB-4869-8A46-573E3B048E16}.Ad-Hoc|iPhone.ActiveCfg = Release|x86
		{FAD1C0B2-22CB-4869-8A46-573E3B048E16}.Ad-Hoc|iPhone.Build.0 = Release|x86
		{FAD1C0B2-22CB-4869-8A46-573E3B048E16}.Ad-Hoc|iPhone.Deploy.0 = Release|x86
		{FAD1C0B2-22CB-4869-8A46-573E3B048E16}.Ad-Hoc|iPhoneSimulator.ActiveCfg = Release|x86
		{FAD1C0B2-22CB-4869-8A46-573E3B048E16}.Ad-Hoc|iPhoneSimulator.Build.0 = Release|x86
		{FAD1C0B2-22CB-4869-8A46-573E3B048E16}.Ad-Hoc|iPhoneSimulator.Deploy.0 = Release|x86
		{FAD1C0B2-22CB-4869-8A46-573E3B048E16}.Ad-Hoc|x64.ActiveCfg = Release|x64
		{FAD1C0B2-22CB-4869-8A46-573E3B048E16}.Ad-Hoc|x64.Build.0 = Release|x64
		{FAD1C0B2-22CB-4869-8A46-573E3B048E16}.Ad-Hoc|x64.Deploy.0 = Release|x64
		{FAD1C0B2-22CB-4869-8A46-573E3B048E16}.Ad-Hoc|x86.ActiveCfg = Release|x86
		{FAD1C0B2-22CB-4869-8A46-573E3B048E16}.Ad-Hoc|x86.Build.0 = Release|x86
		{FAD1C0B2-22CB-4869-8A46-573E3B048E16}.Ad-Hoc|x86.Deploy.0 = Release|x86
		{FAD1C0B2-22CB-4869-8A46-573E3B048E16}.AppStore|Any CPU.ActiveCfg = Release|x86
		{FAD1C0B2-22CB-4869-8A46-573E3B048E16}.AppStore|Any CPU.Build.0 = Release|x86
		{FAD1C0B2-22CB-4869-8A46-573E3B048E16}.AppStore|Any CPU.Deploy.0 = Release|x86
		{FAD1C0B2-22CB-4869-8A46-573E3B048E16}.AppStore|ARM.ActiveCfg = Release|ARM
		{FAD1C0B2-22CB-4869-8A46-573E3B048E16}.AppStore|ARM.Build.0 = Release|ARM
		{FAD1C0B2-22CB-4869-8A46-573E3B048E16}.AppStore|ARM.Deploy.0 = Release|ARM
		{FAD1C0B2-22CB-4869-8A46-573E3B048E16}.AppStore|iPhone.ActiveCfg = Release|x86
		{FAD1C0B2-22CB-4869-8A46-573E3B048E16}.AppStore|iPhone.Build.0 = Release|x86
		{FAD1C0B2-22CB-4869-8A46-573E3B048E16}.AppStore|iPhone.Deploy.0 = Release|x86
		{FAD1C0B2-22CB-4869-8A46-573E3B048E16}.AppStore|iPhoneSimulator.ActiveCfg = Release|x86
		{FAD1C0B2-22CB-4869-8A46-573E3B048E16}.AppStore|iPhoneSimulator.Build.0 = Release|x86
		{FAD1C0B2-22CB-4869-8A46-573E3B048E16}.AppStore|iPhoneSimulator.Deploy.0 = Release|x86
		{FAD1C0B2-22CB-4869-8A46-573E3B048E16}.AppStore|x64.ActiveCfg = Release|x64
		{FAD1C0B2-22CB-4869-8A46-573E3B048E16}.AppStore|x64.Build.0 = Release|x64
		{FAD1C0B2-22CB-4869-8A46-573E3B048E16}.AppStore|x64.Deploy.0 = Release|x64
		{FAD1C0B2-22CB-4869-8A46-573E3B048E16}.AppStore|x86.ActiveCfg = Release|x86
		{FAD1C0B2-22CB-4869-8A46-573E3B048E16}.AppStore|x86.Build.0 = Release|x86
		{FAD1C0B2-22CB-4869-8A46-573E3B048E16}.AppStore|x86.Deploy.0 = Release|x86
		{FAD1C0B2-22CB-4869-8A46-573E3B048E16}.Debug|Any CPU.ActiveCfg = Debug|x86
		{FAD1C0B2-22CB-4869-8A46-573E3B048E16}.Debug|Any CPU.Build.0 = Debug|x86
		{FAD1C0B2-22CB-4869-8A46-573E3B048E16}.Debug|Any CPU.Deploy.0 = Debug|x86
		{FAD1C0B2-22CB-4869-8A46-573E3B048E16}.Debug|ARM.ActiveCfg = Debug|ARM
		{FAD1C0B2-22CB-4869-8A46-573E3B048E16}.Debug|ARM.Build.0 = Debug|ARM
		{FAD1C0B2-22CB-4869-8A46-573E3B048E16}.Debug|ARM.Deploy.0 = Debug|ARM
		{FAD1C0B2-22CB-4869-8A46-573E3B048E16}.Debug|iPhone.ActiveCfg = Debug|x86
		{FAD1C0B2-22CB-4869-8A46-573E3B048E16}.Debug|iPhone.Build.0 = Debug|x86
		{FAD1C0B2-22CB-4869-8A46-573E3B048E16}.Debug|iPhone.Deploy.0 = Debug|x86
		{FAD1C0B2-22CB-4869-8A46-573E3B048E16}.Debug|iPhoneSimulator.ActiveCfg = Debug|x86
		{FAD1C0B2-22CB-4869-8A46-573E3B048E16}.Debug|iPhoneSimulator.Build.0 = Debug|x86
		{FAD1C0B2-22CB-4869-8A46-573E3B048E16}.Debug|iPhoneSimulator.Deploy.0 = Debug|x86
		{FAD1C0B2-22CB-4869-8A46-573E3B048E16}.Debug|x64.ActiveCfg = Debug|x64
		{FAD1C0B2-22CB-4869-8A46-573E3B048E16}.Debug|x64.Build.0 = Debug|x64
		{FAD1C0B2-22CB-4869-8A46-573E3B048E16}.Debug|x64.Deploy.0 = Debug|x64
		{FAD1C0B2-22CB-4869-8A46-573E3B048E16}.Debug|x86.ActiveCfg = Debug|x86
		{FAD1C0B2-22CB-4869-8A46-573E3B048E16}.Debug|x86.Build.0 = Debug|x86
		{FAD1C0B2-22CB-4869-8A46-573E3B048E16}.Debug|x86.Deploy.0 = Debug|x86
		{FAD1C0B2-22CB-4869-8A46-573E3B048E16}.Release|Any CPU.ActiveCfg = Release|x86
		{FAD1C0B2-22CB-4869-8A46-573E3B048E16}.Release|Any CPU.Build.0 = Release|x86
		{FAD1C0B2-22CB-4869-8A46-573E3B048E16}.Release|Any CPU.Deploy.0 = Release|x86
		{FAD1C0B2-22CB-4869-8A46-573E3B048E16}.Release|ARM.ActiveCfg = Release|ARM
		{FAD1C0B2-22CB-4869-8A46-573E3B048E16}.Release|ARM.Build.0 = Release|ARM
		{FAD1C0B2-22CB-4869-8A46-573E3B048E16}.Release|ARM.Deploy.0 = Release|ARM
		{FAD1C0B2-22CB-4869-8A46-573E3B048E16}.Release|iPhone.ActiveCfg = Release|x86
		{FAD1C0B2-22CB-4869-8A46-573E3B048E16}.Release|iPhone.Build.0 = Release|x86
		{FAD1C0B2-22CB-4869-8A46-573E3B048E16}.Release|iPhone.Deploy.0 = Release|x86
		{FAD1C0B2-22CB-4869-8A46-573E3B048E16}.Release|iPhoneSimulator.ActiveCfg = Release|x86
		{FAD1C0B2-22CB-4869-8A46-573E3B048E16}.Release|iPhoneSimulator.Build.0 = Release|x86
		{FAD1C0B2-22CB-4869-8A46-573E3B048E16}.Release|iPhoneSimulator.Deploy.0 = Release|x86
		{FAD1C0B2-22CB-4869-8A46-573E3B048E16}.Release|x64.ActiveCfg = Release|x64
		{FAD1C0B2-22CB-4869-8A46-573E3B048E16}.Release|x64.Build.0 = Release|x64
		{FAD1C0B2-22CB-4869-8A46-573E3B048E16}.Release|x64.Deploy.0 = Release|x64
		{FAD1C0B2-22CB-4869-8A46-573E3B048E16}.Release|x86.ActiveCfg = Release|x86
		{FAD1C0B2-22CB-4869-8A46-573E3B048E16}.Release|x86.Build.0 = Release|x86
		{FAD1C0B2-22CB-4869-8A46-573E3B048E16}.Release|x86.Deploy.0 = Release|x86
		{027C793E-7A42-4E32-87A0-1918AAD79798}.Ad-Hoc|Any CPU.ActiveCfg = Debug|Any CPU
		{027C793E-7A42-4E32-87A0-1918AAD79798}.Ad-Hoc|Any CPU.Build.0 = Debug|Any CPU
		{027C793E-7A42-4E32-87A0-1918AAD79798}.Ad-Hoc|Any CPU.Deploy.0 = Debug|Any CPU
		{027C793E-7A42-4E32-87A0-1918AAD79798}.Ad-Hoc|ARM.ActiveCfg = Debug|Any CPU
		{027C793E-7A42-4E32-87A0-1918AAD79798}.Ad-Hoc|ARM.Build.0 = Debug|Any CPU
		{027C793E-7A42-4E32-87A0-1918AAD79798}.Ad-Hoc|ARM.Deploy.0 = Debug|Any CPU
		{027C793E-7A42-4E32-87A0-1918AAD79798}.Ad-Hoc|iPhone.ActiveCfg = Debug|Any CPU
		{027C793E-7A42-4E32-87A0-1918AAD79798}.Ad-Hoc|iPhone.Build.0 = Debug|Any CPU
		{027C793E-7A42-4E32-87A0-1918AAD79798}.Ad-Hoc|iPhone.Deploy.0 = Debug|Any CPU
		{027C793E-7A42-4E32-87A0-1918AAD79798}.Ad-Hoc|iPhoneSimulator.ActiveCfg = Debug|Any CPU
		{027C793E-7A42-4E32-87A0-1918AAD79798}.Ad-Hoc|iPhoneSimulator.Build.0 = Debug|Any CPU
		{027C793E-7A42-4E32-87A0-1918AAD79798}.Ad-Hoc|iPhoneSimulator.Deploy.0 = Debug|Any CPU
		{027C793E-7A42-4E32-87A0-1918AAD79798}.Ad-Hoc|x64.ActiveCfg = Debug|Any CPU
		{027C793E-7A42-4E32-87A0-1918AAD79798}.Ad-Hoc|x64.Build.0 = Debug|Any CPU
		{027C793E-7A42-4E32-87A0-1918AAD79798}.Ad-Hoc|x64.Deploy.0 = Debug|Any CPU
		{027C793E-7A42-4E32-87A0-1918AAD79798}.Ad-Hoc|x86.ActiveCfg = Debug|Any CPU
		{027C793E-7A42-4E32-87A0-1918AAD79798}.Ad-Hoc|x86.Build.0 = Debug|Any CPU
		{027C793E-7A42-4E32-87A0-1918AAD79798}.Ad-Hoc|x86.Deploy.0 = Debug|Any CPU
		{027C793E-7A42-4E32-87A0-1918AAD79798}.AppStore|Any CPU.ActiveCfg = Debug|Any CPU
		{027C793E-7A42-4E32-87A0-1918AAD79798}.AppStore|Any CPU.Build.0 = Debug|Any CPU
		{027C793E-7A42-4E32-87A0-1918AAD79798}.AppStore|Any CPU.Deploy.0 = Debug|Any CPU
		{027C793E-7A42-4E32-87A0-1918AAD79798}.AppStore|ARM.ActiveCfg = Debug|Any CPU
		{027C793E-7A42-4E32-87A0-1918AAD79798}.AppStore|ARM.Build.0 = Debug|Any CPU
		{027C793E-7A42-4E32-87A0-1918AAD79798}.AppStore|ARM.Deploy.0 = Debug|Any CPU
		{027C793E-7A42-4E32-87A0-1918AAD79798}.AppStore|iPhone.ActiveCfg = Debug|Any CPU
		{027C793E-7A42-4E32-87A0-1918AAD79798}.AppStore|iPhone.Build.0 = Debug|Any CPU
		{027C793E-7A42-4E32-87A0-1918AAD79798}.AppStore|iPhone.Deploy.0 = Debug|Any CPU
		{027C793E-7A42-4E32-87A0-1918AAD79798}.AppStore|iPhoneSimulator.ActiveCfg = Debug|Any CPU
		{027C793E-7A42-4E32-87A0-1918AAD79798}.AppStore|iPhoneSimulator.Build.0 = Debug|Any CPU
		{027C793E-7A42-4E32-87A0-1918AAD79798}.AppStore|iPhoneSimulator.Deploy.0 = Debug|Any CPU
		{027C793E-7A42-4E32-87A0-1918AAD79798}.AppStore|x64.ActiveCfg = Debug|Any CPU
		{027C793E-7A42-4E32-87A0-1918AAD79798}.AppStore|x64.Build.0 = Debug|Any CPU
		{027C793E-7A42-4E32-87A0-1918AAD79798}.AppStore|x64.Deploy.0 = Debug|Any CPU
		{027C793E-7A42-4E32-87A0-1918AAD79798}.AppStore|x86.ActiveCfg = Debug|Any CPU
		{027C793E-7A42-4E32-87A0-1918AAD79798}.AppStore|x86.Build.0 = Debug|Any CPU
		{027C793E-7A42-4E32-87A0-1918AAD79798}.AppStore|x86.Deploy.0 = Debug|Any CPU
		{027C793E-7A42-4E32-87A0-1918AAD79798}.Debug|Any CPU.ActiveCfg = Debug|Any CPU
		{027C793E-7A42-4E32-87A0-1918AAD79798}.Debug|Any CPU.Build.0 = Debug|Any CPU
		{027C793E-7A42-4E32-87A0-1918AAD79798}.Debug|Any CPU.Deploy.0 = Debug|Any CPU
		{027C793E-7A42-4E32-87A0-1918AAD79798}.Debug|ARM.ActiveCfg = Debug|Any CPU
		{027C793E-7A42-4E32-87A0-1918AAD79798}.Debug|ARM.Build.0 = Debug|Any CPU
		{027C793E-7A42-4E32-87A0-1918AAD79798}.Debug|ARM.Deploy.0 = Debug|Any CPU
		{027C793E-7A42-4E32-87A0-1918AAD79798}.Debug|iPhone.ActiveCfg = Debug|Any CPU
		{027C793E-7A42-4E32-87A0-1918AAD79798}.Debug|iPhone.Build.0 = Debug|Any CPU
		{027C793E-7A42-4E32-87A0-1918AAD79798}.Debug|iPhone.Deploy.0 = Debug|Any CPU
		{027C793E-7A42-4E32-87A0-1918AAD79798}.Debug|iPhoneSimulator.ActiveCfg = Debug|Any CPU
		{027C793E-7A42-4E32-87A0-1918AAD79798}.Debug|iPhoneSimulator.Build.0 = Debug|Any CPU
		{027C793E-7A42-4E32-87A0-1918AAD79798}.Debug|iPhoneSimulator.Deploy.0 = Debug|Any CPU
		{027C793E-7A42-4E32-87A0-1918AAD79798}.Debug|x64.ActiveCfg = Debug|Any CPU
		{027C793E-7A42-4E32-87A0-1918AAD79798}.Debug|x64.Build.0 = Debug|Any CPU
		{027C793E-7A42-4E32-87A0-1918AAD79798}.Debug|x64.Deploy.0 = Debug|Any CPU
		{027C793E-7A42-4E32-87A0-1918AAD79798}.Debug|x86.ActiveCfg = Debug|Any CPU
		{027C793E-7A42-4E32-87A0-1918AAD79798}.Debug|x86.Build.0 = Debug|Any CPU
		{027C793E-7A42-4E32-87A0-1918AAD79798}.Debug|x86.Deploy.0 = Debug|Any CPU
		{027C793E-7A42-4E32-87A0-1918AAD79798}.Release|Any CPU.ActiveCfg = Release|Any CPU
		{027C793E-7A42-4E32-87A0-1918AAD79798}.Release|Any CPU.Build.0 = Release|Any CPU
		{027C793E-7A42-4E32-87A0-1918AAD79798}.Release|Any CPU.Deploy.0 = Release|Any CPU
		{027C793E-7A42-4E32-87A0-1918AAD79798}.Release|ARM.ActiveCfg = Release|Any CPU
		{027C793E-7A42-4E32-87A0-1918AAD79798}.Release|ARM.Build.0 = Release|Any CPU
		{027C793E-7A42-4E32-87A0-1918AAD79798}.Release|ARM.Deploy.0 = Release|Any CPU
		{027C793E-7A42-4E32-87A0-1918AAD79798}.Release|iPhone.ActiveCfg = Release|Any CPU
		{027C793E-7A42-4E32-87A0-1918AAD79798}.Release|iPhone.Build.0 = Release|Any CPU
		{027C793E-7A42-4E32-87A0-1918AAD79798}.Release|iPhone.Deploy.0 = Release|Any CPU
		{027C793E-7A42-4E32-87A0-1918AAD79798}.Release|iPhoneSimulator.ActiveCfg = Release|Any CPU
		{027C793E-7A42-4E32-87A0-1918AAD79798}.Release|iPhoneSimulator.Build.0 = Release|Any CPU
		{027C793E-7A42-4E32-87A0-1918AAD79798}.Release|iPhoneSimulator.Deploy.0 = Release|Any CPU
		{027C793E-7A42-4E32-87A0-1918AAD79798}.Release|x64.ActiveCfg = Release|Any CPU
		{027C793E-7A42-4E32-87A0-1918AAD79798}.Release|x64.Build.0 = Release|Any CPU
		{027C793E-7A42-4E32-87A0-1918AAD79798}.Release|x64.Deploy.0 = Release|Any CPU
		{027C793E-7A42-4E32-87A0-1918AAD79798}.Release|x86.ActiveCfg = Release|Any CPU
		{027C793E-7A42-4E32-87A0-1918AAD79798}.Release|x86.Build.0 = Release|Any CPU
		{027C793E-7A42-4E32-87A0-1918AAD79798}.Release|x86.Deploy.0 = Release|Any CPU
	EndGlobalSection
	GlobalSection(SolutionProperties) = preSolution
		HideSolutionNode = FALSE
	EndGlobalSection
	GlobalSection(ExtensibilityGlobals) = postSolution
		SolutionGuid = {63FD192F-ED84-4E48-8588-D5B00DAF72AB}
	EndGlobalSection
EndGlobal
