
Microsoft Visual Studio Solution File, Format Version 12.00
# Visual Studio 15
VisualStudioVersion = 15.0.28307.329
MinimumVisualStudioVersion = 10.0.40219.1
Project("{FAE04EC0-301F-11D3-BF4B-00C04F79EFBC}") = "ArchivosXamarin.Android", "ArchivosXamarin\ArchivosXamarin.Android\ArchivosXamarin.Android.csproj", "{E65BB8EA-1DBB-4459-BAA5-0D2E5CD6521E}"
EndProject
Project("{FAE04EC0-301F-11D3-BF4B-00C04F79EFBC}") = "ArchivosXamarin.iOS", "ArchivosXamarin\ArchivosXamarin.iOS\ArchivosXamarin.iOS.csproj", "{8C203F46-E8DA-42CD-994E-685E30FAFB96}"
EndProject
Project("{FAE04EC0-301F-11D3-BF4B-00C04F79EFBC}") = "ArchivosXamarin.UWP", "ArchivosXamarin\ArchivosXamarin.UWP\ArchivosXamarin.UWP.csproj", "{E413CD8D-1101-4BFC-B12A-300B64C097C8}"
EndProject
Project("{9A19103F-16F7-4668-BE54-9A1E7A4F7556}") = "ArchivosXamarin", "ArchivosXamarin\ArchivosXamarin\ArchivosXamarin.csproj", "{64830E06-BB38-4185-9DB1-A05048A3139C}"
EndProject
Global
	GlobalSection(SolutionConfigurationPlatforms) = preSolution
		Ad-Hoc|Any CPU = Ad-Hoc|Any CPU
		Ad-Hoc|ARM = Ad-Hoc|ARM
		Ad-Hoc|iPhone = Ad-Hoc|iPhone
		Ad-Hoc|iPhoneSimulator = Ad-Hoc|iPhoneSimulator
		Ad-Hoc|x64 = Ad-Hoc|x64
		Ad-Hoc|x86 = Ad-Hoc|x86
		AppStore|Any CPU = AppStore|Any CPU
		AppStore|ARM = AppStore|ARM
		AppStore|iPhone = AppStore|iPhone
		AppStore|iPhoneSimulator = AppStore|iPhoneSimulator
		AppStore|x64 = AppStore|x64
		AppStore|x86 = AppStore|x86
		Debug|Any CPU = Debug|Any CPU
		Debug|ARM = Debug|ARM
		Debug|iPhone = Debug|iPhone
		Debug|iPhoneSimulator = Debug|iPhoneSimulator
		Debug|x64 = Debug|x64
		Debug|x86 = Debug|x86
		Release|Any CPU = Release|Any CPU
		Release|ARM = Release|ARM
		Release|iPhone = Release|iPhone
		Release|iPhoneSimulator = Release|iPhoneSimulator
		Release|x64 = Release|x64
		Release|x86 = Release|x86
	EndGlobalSection
	GlobalSection(ProjectConfigurationPlatforms) = postSolution
		{E65BB8EA-1DBB-4459-BAA5-0D2E5CD6521E}.Ad-Hoc|Any CPU.ActiveCfg = Release|Any CPU
		{E65BB8EA-1DBB-4459-BAA5-0D2E5CD6521E}.Ad-Hoc|Any CPU.Build.0 = Release|Any CPU
		{E65BB8EA-1DBB-4459-BAA5-0D2E5CD6521E}.Ad-Hoc|Any CPU.Deploy.0 = Release|Any CPU
		{E65BB8EA-1DBB-4459-BAA5-0D2E5CD6521E}.Ad-Hoc|ARM.ActiveCfg = Release|Any CPU
		{E65BB8EA-1DBB-4459-BAA5-0D2E5CD6521E}.Ad-Hoc|ARM.Build.0 = Release|Any CPU
		{E65BB8EA-1DBB-4459-BAA5-0D2E5CD6521E}.Ad-Hoc|ARM.Deploy.0 = Release|Any CPU
		{E65BB8EA-1DBB-4459-BAA5-0D2E5CD6521E}.Ad-Hoc|iPhone.ActiveCfg = Release|Any CPU
		{E65BB8EA-1DBB-4459-BAA5-0D2E5CD6521E}.Ad-Hoc|iPhone.Build.0 = Release|Any CPU
		{E65BB8EA-1DBB-4459-BAA5-0D2E5CD6521E}.Ad-Hoc|iPhone.Deploy.0 = Release|Any CPU
		{E65BB8EA-1DBB-4459-BAA5-0D2E5CD6521E}.Ad-Hoc|iPhoneSimulator.ActiveCfg = Release|Any CPU
		{E65BB8EA-1DBB-4459-BAA5-0D2E5CD6521E}.Ad-Hoc|iPhoneSimulator.Build.0 = Release|Any CPU
		{E65BB8EA-1DBB-4459-BAA5-0D2E5CD6521E}.Ad-Hoc|iPhoneSimulator.Deploy.0 = Release|Any CPU
		{E65BB8EA-1DBB-4459-BAA5-0D2E5CD6521E}.Ad-Hoc|x64.ActiveCfg = Release|Any CPU
		{E65BB8EA-1DBB-4459-BAA5-0D2E5CD6521E}.Ad-Hoc|x64.Build.0 = Release|Any CPU
		{E65BB8EA-1DBB-4459-BAA5-0D2E5CD6521E}.Ad-Hoc|x64.Deploy.0 = Release|Any CPU
		{E65BB8EA-1DBB-4459-BAA5-0D2E5CD6521E}.Ad-Hoc|x86.ActiveCfg = Release|Any CPU
		{E65BB8EA-1DBB-4459-BAA5-0D2E5CD6521E}.Ad-Hoc|x86.Build.0 = Release|Any CPU
		{E65BB8EA-1DBB-4459-BAA5-0D2E5CD6521E}.Ad-Hoc|x86.Deploy.0 = Release|Any CPU
		{E65BB8EA-1DBB-4459-BAA5-0D2E5CD6521E}.AppStore|Any CPU.ActiveCfg = Release|Any CPU
		{E65BB8EA-1DBB-4459-BAA5-0D2E5CD6521E}.AppStore|Any CPU.Build.0 = Release|Any CPU
		{E65BB8EA-1DBB-4459-BAA5-0D2E5CD6521E}.AppStore|Any CPU.Deploy.0 = Release|Any CPU
		{E65BB8EA-1DBB-4459-BAA5-0D2E5CD6521E}.AppStore|ARM.ActiveCfg = Release|Any CPU
		{E65BB8EA-1DBB-4459-BAA5-0D2E5CD6521E}.AppStore|ARM.Build.0 = Release|Any CPU
		{E65BB8EA-1DBB-4459-BAA5-0D2E5CD6521E}.AppStore|ARM.Deploy.0 = Release|Any CPU
		{E65BB8EA-1DBB-4459-BAA5-0D2E5CD6521E}.AppStore|iPhone.ActiveCfg = Release|Any CPU
		{E65BB8EA-1DBB-4459-BAA5-0D2E5CD6521E}.AppStore|iPhone.Build.0 = Release|Any CPU
		{E65BB8EA-1DBB-4459-BAA5-0D2E5CD6521E}.AppStore|iPhone.Deploy.0 = Release|Any CPU
		{E65BB8EA-1DBB-4459-BAA5-0D2E5CD6521E}.AppStore|iPhoneSimulator.ActiveCfg = Release|Any CPU
		{E65BB8EA-1DBB-4459-BAA5-0D2E5CD6521E}.AppStore|iPhoneSimulator.Build.0 = Release|Any CPU
		{E65BB8EA-1DBB-4459-BAA5-0D2E5CD6521E}.AppStore|iPhoneSimulator.Deploy.0 = Release|Any CPU
		{E65BB8EA-1DBB-4459-BAA5-0D2E5CD6521E}.AppStore|x64.ActiveCfg = Release|Any CPU
		{E65BB8EA-1DBB-4459-BAA5-0D2E5CD6521E}.AppStore|x64.Build.0 = Release|Any CPU
		{E65BB8EA-1DBB-4459-BAA5-0D2E5CD6521E}.AppStore|x64.Deploy.0 = Release|Any CPU
		{E65BB8EA-1DBB-4459-BAA5-0D2E5CD6521E}.AppStore|x86.ActiveCfg = Release|Any CPU
		{E65BB8EA-1DBB-4459-BAA5-0D2E5CD6521E}.AppStore|x86.Build.0 = Release|Any CPU
		{E65BB8EA-1DBB-4459-BAA5-0D2E5CD6521E}.AppStore|x86.Deploy.0 = Release|Any CPU
		{E65BB8EA-1DBB-4459-BAA5-0D2E5CD6521E}.Debug|Any CPU.ActiveCfg = Debug|Any CPU
		{E65BB8EA-1DBB-4459-BAA5-0D2E5CD6521E}.Debug|Any CPU.Build.0 = Debug|Any CPU
		{E65BB8EA-1DBB-4459-BAA5-0D2E5CD6521E}.Debug|Any CPU.Deploy.0 = Debug|Any CPU
		{E65BB8EA-1DBB-4459-BAA5-0D2E5CD6521E}.Debug|ARM.ActiveCfg = Debug|Any CPU
		{E65BB8EA-1DBB-4459-BAA5-0D2E5CD6521E}.Debug|ARM.Build.0 = Debug|Any CPU
		{E65BB8EA-1DBB-4459-BAA5-0D2E5CD6521E}.Debug|ARM.Deploy.0 = Debug|Any CPU
		{E65BB8EA-1DBB-4459-BAA5-0D2E5CD6521E}.Debug|iPhone.ActiveCfg = Debug|Any CPU
		{E65BB8EA-1DBB-4459-BAA5-0D2E5CD6521E}.Debug|iPhone.Build.0 = Debug|Any CPU
		{E65BB8EA-1DBB-4459-BAA5-0D2E5CD6521E}.Debug|iPhone.Deploy.0 = Debug|Any CPU
		{E65BB8EA-1DBB-4459-BAA5-0D2E5CD6521E}.Debug|iPhoneSimulator.ActiveCfg = Debug|Any CPU
		{E65BB8EA-1DBB-4459-BAA5-0D2E5CD6521E}.Debug|iPhoneSimulator.Build.0 = Debug|Any CPU
		{E65BB8EA-1DBB-4459-BAA5-0D2E5CD6521E}.Debug|iPhoneSimulator.Deploy.0 = Debug|Any CPU
		{E65BB8EA-1DBB-4459-BAA5-0D2E5CD6521E}.Debug|x64.ActiveCfg = Debug|Any CPU
		{E65BB8EA-1DBB-4459-BAA5-0D2E5CD6521E}.Debug|x64.Build.0 = Debug|Any CPU
		{E65BB8EA-1DBB-4459-BAA5-0D2E5CD6521E}.Debug|x64.Deploy.0 = Debug|Any CPU
		{E65BB8EA-1DBB-4459-BAA5-0D2E5CD6521E}.Debug|x86.ActiveCfg = Debug|Any CPU
		{E65BB8EA-1DBB-4459-BAA5-0D2E5CD6521E}.Debug|x86.Build.0 = Debug|Any CPU
		{E65BB8EA-1DBB-4459-BAA5-0D2E5CD6521E}.Debug|x86.Deploy.0 = Debug|Any CPU
		{E65BB8EA-1DBB-4459-BAA5-0D2E5CD6521E}.Release|Any CPU.ActiveCfg = Release|Any CPU
		{E65BB8EA-1DBB-4459-BAA5-0D2E5CD6521E}.Release|Any CPU.Build.0 = Release|Any CPU
		{E65BB8EA-1DBB-4459-BAA5-0D2E5CD6521E}.Release|Any CPU.Deploy.0 = Release|Any CPU
		{E65BB8EA-1DBB-4459-BAA5-0D2E5CD6521E}.Release|ARM.ActiveCfg = Release|Any CPU
		{E65BB8EA-1DBB-4459-BAA5-0D2E5CD6521E}.Release|ARM.Build.0 = Release|Any CPU
		{E65BB8EA-1DBB-4459-BAA5-0D2E5CD6521E}.Release|ARM.Deploy.0 = Release|Any CPU
		{E65BB8EA-1DBB-4459-BAA5-0D2E5CD6521E}.Release|iPhone.ActiveCfg = Release|Any CPU
		{E65BB8EA-1DBB-4459-BAA5-0D2E5CD6521E}.Release|iPhone.Build.0 = Release|Any CPU
		{E65BB8EA-1DBB-4459-BAA5-0D2E5CD6521E}.Release|iPhone.Deploy.0 = Release|Any CPU
		{E65BB8EA-1DBB-4459-BAA5-0D2E5CD6521E}.Release|iPhoneSimulator.ActiveCfg = Release|Any CPU
		{E65BB8EA-1DBB-4459-BAA5-0D2E5CD6521E}.Release|iPhoneSimulator.Build.0 = Release|Any CPU
		{E65BB8EA-1DBB-4459-BAA5-0D2E5CD6521E}.Release|iPhoneSimulator.Deploy.0 = Release|Any CPU
		{E65BB8EA-1DBB-4459-BAA5-0D2E5CD6521E}.Release|x64.ActiveCfg = Release|Any CPU
		{E65BB8EA-1DBB-4459-BAA5-0D2E5CD6521E}.Release|x64.Build.0 = Release|Any CPU
		{E65BB8EA-1DBB-4459-BAA5-0D2E5CD6521E}.Release|x64.Deploy.0 = Release|Any CPU
		{E65BB8EA-1DBB-4459-BAA5-0D2E5CD6521E}.Release|x86.ActiveCfg = Release|Any CPU
		{E65BB8EA-1DBB-4459-BAA5-0D2E5CD6521E}.Release|x86.Build.0 = Release|Any CPU
		{E65BB8EA-1DBB-4459-BAA5-0D2E5CD6521E}.Release|x86.Deploy.0 = Release|Any CPU
		{8C203F46-E8DA-42CD-994E-685E30FAFB96}.Ad-Hoc|Any CPU.ActiveCfg = Ad-Hoc|iPhone
		{8C203F46-E8DA-42CD-994E-685E30FAFB96}.Ad-Hoc|Any CPU.Build.0 = Ad-Hoc|iPhone
		{8C203F46-E8DA-42CD-994E-685E30FAFB96}.Ad-Hoc|Any CPU.Deploy.0 = Ad-Hoc|iPhone
		{8C203F46-E8DA-42CD-994E-685E30FAFB96}.Ad-Hoc|ARM.ActiveCfg = Ad-Hoc|iPhone
		{8C203F46-E8DA-42CD-994E-685E30FAFB96}.Ad-Hoc|ARM.Build.0 = Ad-Hoc|iPhone
		{8C203F46-E8DA-42CD-994E-685E30FAFB96}.Ad-Hoc|ARM.Deploy.0 = Ad-Hoc|iPhone
		{8C203F46-E8DA-42CD-994E-685E30FAFB96}.Ad-Hoc|iPhone.ActiveCfg = Ad-Hoc|iPhone
		{8C203F46-E8DA-42CD-994E-685E30FAFB96}.Ad-Hoc|iPhone.Build.0 = Ad-Hoc|iPhone
		{8C203F46-E8DA-42CD-994E-685E30FAFB96}.Ad-Hoc|iPhone.Deploy.0 = Ad-Hoc|iPhone
		{8C203F46-E8DA-42CD-994E-685E30FAFB96}.Ad-Hoc|iPhoneSimulator.ActiveCfg = Ad-Hoc|iPhoneSimulator
		{8C203F46-E8DA-42CD-994E-685E30FAFB96}.Ad-Hoc|iPhoneSimulator.Build.0 = Ad-Hoc|iPhoneSimulator
		{8C203F46-E8DA-42CD-994E-685E30FAFB96}.Ad-Hoc|iPhoneSimulator.Deploy.0 = Ad-Hoc|iPhoneSimulator
		{8C203F46-E8DA-42CD-994E-685E30FAFB96}.Ad-Hoc|x64.ActiveCfg = Ad-Hoc|iPhone
		{8C203F46-E8DA-42CD-994E-685E30FAFB96}.Ad-Hoc|x64.Build.0 = Ad-Hoc|iPhone
		{8C203F46-E8DA-42CD-994E-685E30FAFB96}.Ad-Hoc|x64.Deploy.0 = Ad-Hoc|iPhone
		{8C203F46-E8DA-42CD-994E-685E30FAFB96}.Ad-Hoc|x86.ActiveCfg = Ad-Hoc|iPhone
		{8C203F46-E8DA-42CD-994E-685E30FAFB96}.Ad-Hoc|x86.Build.0 = Ad-Hoc|iPhone
		{8C203F46-E8DA-42CD-994E-685E30FAFB96}.Ad-Hoc|x86.Deploy.0 = Ad-Hoc|iPhone
		{8C203F46-E8DA-42CD-994E-685E30FAFB96}.AppStore|Any CPU.ActiveCfg = AppStore|iPhone
		{8C203F46-E8DA-42CD-994E-685E30FAFB96}.AppStore|Any CPU.Build.0 = AppStore|iPhone
		{8C203F46-E8DA-42CD-994E-685E30FAFB96}.AppStore|Any CPU.Deploy.0 = AppStore|iPhone
		{8C203F46-E8DA-42CD-994E-685E30FAFB96}.AppStore|ARM.ActiveCfg = AppStore|iPhone
		{8C203F46-E8DA-42CD-994E-685E30FAFB96}.AppStore|ARM.Build.0 = AppStore|iPhone
		{8C203F46-E8DA-42CD-994E-685E30FAFB96}.AppStore|ARM.Deploy.0 = AppStore|iPhone
		{8C203F46-E8DA-42CD-994E-685E30FAFB96}.AppStore|iPhone.ActiveCfg = AppStore|iPhone
		{8C203F46-E8DA-42CD-994E-685E30FAFB96}.AppStore|iPhone.Build.0 = AppStore|iPhone
		{8C203F46-E8DA-42CD-994E-685E30FAFB96}.AppStore|iPhone.Deploy.0 = AppStore|iPhone
		{8C203F46-E8DA-42CD-994E-685E30FAFB96}.AppStore|iPhoneSimulator.ActiveCfg = AppStore|iPhoneSimulator
		{8C203F46-E8DA-42CD-994E-685E30FAFB96}.AppStore|iPhoneSimulator.Build.0 = AppStore|iPhoneSimulator
		{8C203F46-E8DA-42CD-994E-685E30FAFB96}.AppStore|iPhoneSimulator.Deploy.0 = AppStore|iPhoneSimulator
		{8C203F46-E8DA-42CD-994E-685E30FAFB96}.AppStore|x64.ActiveCfg = AppStore|iPhone
		{8C203F46-E8DA-42CD-994E-685E30FAFB96}.AppStore|x64.Build.0 = AppStore|iPhone
		{8C203F46-E8DA-42CD-994E-685E30FAFB96}.AppStore|x64.Deploy.0 = AppStore|iPhone
		{8C203F46-E8DA-42CD-994E-685E30FAFB96}.AppStore|x86.ActiveCfg = AppStore|iPhone
		{8C203F46-E8DA-42CD-994E-685E30FAFB96}.AppStore|x86.Build.0 = AppStore|iPhone
		{8C203F46-E8DA-42CD-994E-685E30FAFB96}.AppStore|x86.Deploy.0 = AppStore|iPhone
		{8C203F46-E8DA-42CD-994E-685E30FAFB96}.Debug|Any CPU.ActiveCfg = Debug|iPhoneSimulator
		{8C203F46-E8DA-42CD-994E-685E30FAFB96}.Debug|Any CPU.Build.0 = Debug|iPhoneSimulator
		{8C203F46-E8DA-42CD-994E-685E30FAFB96}.Debug|Any CPU.Deploy.0 = Debug|iPhoneSimulator
		{8C203F46-E8DA-42CD-994E-685E30FAFB96}.Debug|ARM.ActiveCfg = Debug|iPhone
		{8C203F46-E8DA-42CD-994E-685E30FAFB96}.Debug|ARM.Build.0 = Debug|iPhone
		{8C203F46-E8DA-42CD-994E-685E30FAFB96}.Debug|ARM.Deploy.0 = Debug|iPhone
		{8C203F46-E8DA-42CD-994E-685E30FAFB96}.Debug|iPhone.ActiveCfg = Debug|iPhone
		{8C203F46-E8DA-42CD-994E-685E30FAFB96}.Debug|iPhone.Build.0 = Debug|iPhone
		{8C203F46-E8DA-42CD-994E-685E30FAFB96}.Debug|iPhone.Deploy.0 = Debug|iPhone
		{8C203F46-E8DA-42CD-994E-685E30FAFB96}.Debug|iPhoneSimulator.ActiveCfg = Debug|iPhoneSimulator
		{8C203F46-E8DA-42CD-994E-685E30FAFB96}.Debug|iPhoneSimulator.Build.0 = Debug|iPhoneSimulator
		{8C203F46-E8DA-42CD-994E-685E30FAFB96}.Debug|iPhoneSimulator.Deploy.0 = Debug|iPhoneSimulator
		{8C203F46-E8DA-42CD-994E-685E30FAFB96}.Debug|x64.ActiveCfg = Debug|iPhone
		{8C203F46-E8DA-42CD-994E-685E30FAFB96}.Debug|x64.Build.0 = Debug|iPhone
		{8C203F46-E8DA-42CD-994E-685E30FAFB96}.Debug|x64.Deploy.0 = Debug|iPhone
		{8C203F46-E8DA-42CD-994E-685E30FAFB96}.Debug|x86.ActiveCfg = Debug|iPhone
		{8C203F46-E8DA-42CD-994E-685E30FAFB96}.Debug|x86.Build.0 = Debug|iPhone
		{8C203F46-E8DA-42CD-994E-685E30FAFB96}.Debug|x86.Deploy.0 = Debug|iPhone
		{8C203F46-E8DA-42CD-994E-685E30FAFB96}.Release|Any CPU.ActiveCfg = Release|iPhone
		{8C203F46-E8DA-42CD-994E-685E30FAFB96}.Release|Any CPU.Build.0 = Release|iPhone
		{8C203F46-E8DA-42CD-994E-685E30FAFB96}.Release|Any CPU.Deploy.0 = Release|iPhone
		{8C203F46-E8DA-42CD-994E-685E30FAFB96}.Release|ARM.ActiveCfg = Release|iPhone
		{8C203F46-E8DA-42CD-994E-685E30FAFB96}.Release|ARM.Build.0 = Release|iPhone
		{8C203F46-E8DA-42CD-994E-685E30FAFB96}.Release|ARM.Deploy.0 = Release|iPhone
		{8C203F46-E8DA-42CD-994E-685E30FAFB96}.Release|iPhone.ActiveCfg = Release|iPhone
		{8C203F46-E8DA-42CD-994E-685E30FAFB96}.Release|iPhone.Build.0 = Release|iPhone
		{8C203F46-E8DA-42CD-994E-685E30FAFB96}.Release|iPhone.Deploy.0 = Release|iPhone
		{8C203F46-E8DA-42CD-994E-685E30FAFB96}.Release|iPhoneSimulator.ActiveCfg = Release|iPhoneSimulator
		{8C203F46-E8DA-42CD-994E-685E30FAFB96}.Release|iPhoneSimulator.Build.0 = Release|iPhoneSimulator
		{8C203F46-E8DA-42CD-994E-685E30FAFB96}.Release|iPhoneSimulator.Deploy.0 = Release|iPhoneSimulator
		{8C203F46-E8DA-42CD-994E-685E30FAFB96}.Release|x64.ActiveCfg = Release|iPhone
		{8C203F46-E8DA-42CD-994E-685E30FAFB96}.Release|x64.Build.0 = Release|iPhone
		{8C203F46-E8DA-42CD-994E-685E30FAFB96}.Release|x64.Deploy.0 = Release|iPhone
		{8C203F46-E8DA-42CD-994E-685E30FAFB96}.Release|x86.ActiveCfg = Release|iPhone
		{8C203F46-E8DA-42CD-994E-685E30FAFB96}.Release|x86.Build.0 = Release|iPhone
		{8C203F46-E8DA-42CD-994E-685E30FAFB96}.Release|x86.Deploy.0 = Release|iPhone
		{E413CD8D-1101-4BFC-B12A-300B64C097C8}.Ad-Hoc|Any CPU.ActiveCfg = Release|x86
		{E413CD8D-1101-4BFC-B12A-300B64C097C8}.Ad-Hoc|Any CPU.Build.0 = Release|x86
		{E413CD8D-1101-4BFC-B12A-300B64C097C8}.Ad-Hoc|Any CPU.Deploy.0 = Release|x86
		{E413CD8D-1101-4BFC-B12A-300B64C097C8}.Ad-Hoc|ARM.ActiveCfg = Release|ARM
		{E413CD8D-1101-4BFC-B12A-300B64C097C8}.Ad-Hoc|ARM.Build.0 = Release|ARM
		{E413CD8D-1101-4BFC-B12A-300B64C097C8}.Ad-Hoc|ARM.Deploy.0 = Release|ARM
		{E413CD8D-1101-4BFC-B12A-300B64C097C8}.Ad-Hoc|iPhone.ActiveCfg = Release|x86
		{E413CD8D-1101-4BFC-B12A-300B64C097C8}.Ad-Hoc|iPhone.Build.0 = Release|x86
		{E413CD8D-1101-4BFC-B12A-300B64C097C8}.Ad-Hoc|iPhone.Deploy.0 = Release|x86
		{E413CD8D-1101-4BFC-B12A-300B64C097C8}.Ad-Hoc|iPhoneSimulator.ActiveCfg = Release|x86
		{E413CD8D-1101-4BFC-B12A-300B64C097C8}.Ad-Hoc|iPhoneSimulator.Build.0 = Release|x86
		{E413CD8D-1101-4BFC-B12A-300B64C097C8}.Ad-Hoc|iPhoneSimulator.Deploy.0 = Release|x86
		{E413CD8D-1101-4BFC-B12A-300B64C097C8}.Ad-Hoc|x64.ActiveCfg = Release|x64
		{E413CD8D-1101-4BFC-B12A-300B64C097C8}.Ad-Hoc|x64.Build.0 = Release|x64
		{E413CD8D-1101-4BFC-B12A-300B64C097C8}.Ad-Hoc|x64.Deploy.0 = Release|x64
		{E413CD8D-1101-4BFC-B12A-300B64C097C8}.Ad-Hoc|x86.ActiveCfg = Release|x86
		{E413CD8D-1101-4BFC-B12A-300B64C097C8}.Ad-Hoc|x86.Build.0 = Release|x86
		{E413CD8D-1101-4BFC-B12A-300B64C097C8}.Ad-Hoc|x86.Deploy.0 = Release|x86
		{E413CD8D-1101-4BFC-B12A-300B64C097C8}.AppStore|Any CPU.ActiveCfg = Release|x86
		{E413CD8D-1101-4BFC-B12A-300B64C097C8}.AppStore|Any CPU.Build.0 = Release|x86
		{E413CD8D-1101-4BFC-B12A-300B64C097C8}.AppStore|Any CPU.Deploy.0 = Release|x86
		{E413CD8D-1101-4BFC-B12A-300B64C097C8}.AppStore|ARM.ActiveCfg = Release|ARM
		{E413CD8D-1101-4BFC-B12A-300B64C097C8}.AppStore|ARM.Build.0 = Release|ARM
		{E413CD8D-1101-4BFC-B12A-300B64C097C8}.AppStore|ARM.Deploy.0 = Release|ARM
		{E413CD8D-1101-4BFC-B12A-300B64C097C8}.AppStore|iPhone.ActiveCfg = Release|x86
		{E413CD8D-1101-4BFC-B12A-300B64C097C8}.AppStore|iPhone.Build.0 = Release|x86
		{E413CD8D-1101-4BFC-B12A-300B64C097C8}.AppStore|iPhone.Deploy.0 = Release|x86
		{E413CD8D-1101-4BFC-B12A-300B64C097C8}.AppStore|iPhoneSimulator.ActiveCfg = Release|x86
		{E413CD8D-1101-4BFC-B12A-300B64C097C8}.AppStore|iPhoneSimulator.Build.0 = Release|x86
		{E413CD8D-1101-4BFC-B12A-300B64C097C8}.AppStore|iPhoneSimulator.Deploy.0 = Release|x86
		{E413CD8D-1101-4BFC-B12A-300B64C097C8}.AppStore|x64.ActiveCfg = Release|x64
		{E413CD8D-1101-4BFC-B12A-300B64C097C8}.AppStore|x64.Build.0 = Release|x64
		{E413CD8D-1101-4BFC-B12A-300B64C097C8}.AppStore|x64.Deploy.0 = Release|x64
		{E413CD8D-1101-4BFC-B12A-300B64C097C8}.AppStore|x86.ActiveCfg = Release|x86
		{E413CD8D-1101-4BFC-B12A-300B64C097C8}.AppStore|x86.Build.0 = Release|x86
		{E413CD8D-1101-4BFC-B12A-300B64C097C8}.AppStore|x86.Deploy.0 = Release|x86
		{E413CD8D-1101-4BFC-B12A-300B64C097C8}.Debug|Any CPU.ActiveCfg = Debug|x86
		{E413CD8D-1101-4BFC-B12A-300B64C097C8}.Debug|Any CPU.Build.0 = Debug|x86
		{E413CD8D-1101-4BFC-B12A-300B64C097C8}.Debug|Any CPU.Deploy.0 = Debug|x86
		{E413CD8D-1101-4BFC-B12A-300B64C097C8}.Debug|ARM.ActiveCfg = Debug|ARM
		{E413CD8D-1101-4BFC-B12A-300B64C097C8}.Debug|ARM.Build.0 = Debug|ARM
		{E413CD8D-1101-4BFC-B12A-300B64C097C8}.Debug|ARM.Deploy.0 = Debug|ARM
		{E413CD8D-1101-4BFC-B12A-300B64C097C8}.Debug|iPhone.ActiveCfg = Debug|x86
		{E413CD8D-1101-4BFC-B12A-300B64C097C8}.Debug|iPhone.Build.0 = Debug|x86
		{E413CD8D-1101-4BFC-B12A-300B64C097C8}.Debug|iPhone.Deploy.0 = Debug|x86
		{E413CD8D-1101-4BFC-B12A-300B64C097C8}.Debug|iPhoneSimulator.ActiveCfg = Debug|x86
		{E413CD8D-1101-4BFC-B12A-300B64C097C8}.Debug|iPhoneSimulator.Build.0 = Debug|x86
		{E413CD8D-1101-4BFC-B12A-300B64C097C8}.Debug|iPhoneSimulator.Deploy.0 = Debug|x86
		{E413CD8D-1101-4BFC-B12A-300B64C097C8}.Debug|x64.ActiveCfg = Debug|x64
		{E413CD8D-1101-4BFC-B12A-300B64C097C8}.Debug|x64.Build.0 = Debug|x64
		{E413CD8D-1101-4BFC-B12A-300B64C097C8}.Debug|x64.Deploy.0 = Debug|x64
		{E413CD8D-1101-4BFC-B12A-300B64C097C8}.Debug|x86.ActiveCfg = Debug|x86
		{E413CD8D-1101-4BFC-B12A-300B64C097C8}.Debug|x86.Build.0 = Debug|x86
		{E413CD8D-1101-4BFC-B12A-300B64C097C8}.Debug|x86.Deploy.0 = Debug|x86
		{E413CD8D-1101-4BFC-B12A-300B64C097C8}.Release|Any CPU.ActiveCfg = Release|x86
		{E413CD8D-1101-4BFC-B12A-300B64C097C8}.Release|Any CPU.Build.0 = Release|x86
		{E413CD8D-1101-4BFC-B12A-300B64C097C8}.Release|Any CPU.Deploy.0 = Release|x86
		{E413CD8D-1101-4BFC-B12A-300B64C097C8}.Release|ARM.ActiveCfg = Release|ARM
		{E413CD8D-1101-4BFC-B12A-300B64C097C8}.Release|ARM.Build.0 = Release|ARM
		{E413CD8D-1101-4BFC-B12A-300B64C097C8}.Release|ARM.Deploy.0 = Release|ARM
		{E413CD8D-1101-4BFC-B12A-300B64C097C8}.Release|iPhone.ActiveCfg = Release|x86
		{E413CD8D-1101-4BFC-B12A-300B64C097C8}.Release|iPhone.Build.0 = Release|x86
		{E413CD8D-1101-4BFC-B12A-300B64C097C8}.Release|iPhone.Deploy.0 = Release|x86
		{E413CD8D-1101-4BFC-B12A-300B64C097C8}.Release|iPhoneSimulator.ActiveCfg = Release|x86
		{E413CD8D-1101-4BFC-B12A-300B64C097C8}.Release|iPhoneSimulator.Build.0 = Release|x86
		{E413CD8D-1101-4BFC-B12A-300B64C097C8}.Release|iPhoneSimulator.Deploy.0 = Release|x86
		{E413CD8D-1101-4BFC-B12A-300B64C097C8}.Release|x64.ActiveCfg = Release|x64
		{E413CD8D-1101-4BFC-B12A-300B64C097C8}.Release|x64.Build.0 = Release|x64
		{E413CD8D-1101-4BFC-B12A-300B64C097C8}.Release|x64.Deploy.0 = Release|x64
		{E413CD8D-1101-4BFC-B12A-300B64C097C8}.Release|x86.ActiveCfg = Release|x86
		{E413CD8D-1101-4BFC-B12A-300B64C097C8}.Release|x86.Build.0 = Release|x86
		{E413CD8D-1101-4BFC-B12A-300B64C097C8}.Release|x86.Deploy.0 = Release|x86
		{64830E06-BB38-4185-9DB1-A05048A3139C}.Ad-Hoc|Any CPU.ActiveCfg = Debug|Any CPU
		{64830E06-BB38-4185-9DB1-A05048A3139C}.Ad-Hoc|Any CPU.Build.0 = Debug|Any CPU
		{64830E06-BB38-4185-9DB1-A05048A3139C}.Ad-Hoc|Any CPU.Deploy.0 = Debug|Any CPU
		{64830E06-BB38-4185-9DB1-A05048A3139C}.Ad-Hoc|ARM.ActiveCfg = Debug|Any CPU
		{64830E06-BB38-4185-9DB1-A05048A3139C}.Ad-Hoc|ARM.Build.0 = Debug|Any CPU
		{64830E06-BB38-4185-9DB1-A05048A3139C}.Ad-Hoc|ARM.Deploy.0 = Debug|Any CPU
		{64830E06-BB38-4185-9DB1-A05048A3139C}.Ad-Hoc|iPhone.ActiveCfg = Debug|Any CPU
		{64830E06-BB38-4185-9DB1-A05048A3139C}.Ad-Hoc|iPhone.Build.0 = Debug|Any CPU
		{64830E06-BB38-4185-9DB1-A05048A3139C}.Ad-Hoc|iPhone.Deploy.0 = Debug|Any CPU
		{64830E06-BB38-4185-9DB1-A05048A3139C}.Ad-Hoc|iPhoneSimulator.ActiveCfg = Debug|Any CPU
		{64830E06-BB38-4185-9DB1-A05048A3139C}.Ad-Hoc|iPhoneSimulator.Build.0 = Debug|Any CPU
		{64830E06-BB38-4185-9DB1-A05048A3139C}.Ad-Hoc|iPhoneSimulator.Deploy.0 = Debug|Any CPU
		{64830E06-BB38-4185-9DB1-A05048A3139C}.Ad-Hoc|x64.ActiveCfg = Debug|Any CPU
		{64830E06-BB38-4185-9DB1-A05048A3139C}.Ad-Hoc|x64.Build.0 = Debug|Any CPU
		{64830E06-BB38-4185-9DB1-A05048A3139C}.Ad-Hoc|x64.Deploy.0 = Debug|Any CPU
		{64830E06-BB38-4185-9DB1-A05048A3139C}.Ad-Hoc|x86.ActiveCfg = Debug|Any CPU
		{64830E06-BB38-4185-9DB1-A05048A3139C}.Ad-Hoc|x86.Build.0 = Debug|Any CPU
		{64830E06-BB38-4185-9DB1-A05048A3139C}.Ad-Hoc|x86.Deploy.0 = Debug|Any CPU
		{64830E06-BB38-4185-9DB1-A05048A3139C}.AppStore|Any CPU.ActiveCfg = Debug|Any CPU
		{64830E06-BB38-4185-9DB1-A05048A3139C}.AppStore|Any CPU.Build.0 = Debug|Any CPU
		{64830E06-BB38-4185-9DB1-A05048A3139C}.AppStore|Any CPU.Deploy.0 = Debug|Any CPU
		{64830E06-BB38-4185-9DB1-A05048A3139C}.AppStore|ARM.ActiveCfg = Debug|Any CPU
		{64830E06-BB38-4185-9DB1-A05048A3139C}.AppStore|ARM.Build.0 = Debug|Any CPU
		{64830E06-BB38-4185-9DB1-A05048A3139C}.AppStore|ARM.Deploy.0 = Debug|Any CPU
		{64830E06-BB38-4185-9DB1-A05048A3139C}.AppStore|iPhone.ActiveCfg = Debug|Any CPU
		{64830E06-BB38-4185-9DB1-A05048A3139C}.AppStore|iPhone.Build.0 = Debug|Any CPU
		{64830E06-BB38-4185-9DB1-A05048A3139C}.AppStore|iPhone.Deploy.0 = Debug|Any CPU
		{64830E06-BB38-4185-9DB1-A05048A3139C}.AppStore|iPhoneSimulator.ActiveCfg = Debug|Any CPU
		{64830E06-BB38-4185-9DB1-A05048A3139C}.AppStore|iPhoneSimulator.Build.0 = Debug|Any CPU
		{64830E06-BB38-4185-9DB1-A05048A3139C}.AppStore|iPhoneSimulator.Deploy.0 = Debug|Any CPU
		{64830E06-BB38-4185-9DB1-A05048A3139C}.AppStore|x64.ActiveCfg = Debug|Any CPU
		{64830E06-BB38-4185-9DB1-A05048A3139C}.AppStore|x64.Build.0 = Debug|Any CPU
		{64830E06-BB38-4185-9DB1-A05048A3139C}.AppStore|x64.Deploy.0 = Debug|Any CPU
		{64830E06-BB38-4185-9DB1-A05048A3139C}.AppStore|x86.ActiveCfg = Debug|Any CPU
		{64830E06-BB38-4185-9DB1-A05048A3139C}.AppStore|x86.Build.0 = Debug|Any CPU
		{64830E06-BB38-4185-9DB1-A05048A3139C}.AppStore|x86.Deploy.0 = Debug|Any CPU
		{64830E06-BB38-4185-9DB1-A05048A3139C}.Debug|Any CPU.ActiveCfg = Debug|Any CPU
		{64830E06-BB38-4185-9DB1-A05048A3139C}.Debug|Any CPU.Build.0 = Debug|Any CPU
		{64830E06-BB38-4185-9DB1-A05048A3139C}.Debug|Any CPU.Deploy.0 = Debug|Any CPU
		{64830E06-BB38-4185-9DB1-A05048A3139C}.Debug|ARM.ActiveCfg = Debug|Any CPU
		{64830E06-BB38-4185-9DB1-A05048A3139C}.Debug|ARM.Build.0 = Debug|Any CPU
		{64830E06-BB38-4185-9DB1-A05048A3139C}.Debug|ARM.Deploy.0 = Debug|Any CPU
		{64830E06-BB38-4185-9DB1-A05048A3139C}.Debug|iPhone.ActiveCfg = Debug|Any CPU
		{64830E06-BB38-4185-9DB1-A05048A3139C}.Debug|iPhone.Build.0 = Debug|Any CPU
		{64830E06-BB38-4185-9DB1-A05048A3139C}.Debug|iPhone.Deploy.0 = Debug|Any CPU
		{64830E06-BB38-4185-9DB1-A05048A3139C}.Debug|iPhoneSimulator.ActiveCfg = Debug|Any CPU
		{64830E06-BB38-4185-9DB1-A05048A3139C}.Debug|iPhoneSimulator.Build.0 = Debug|Any CPU
		{64830E06-BB38-4185-9DB1-A05048A3139C}.Debug|iPhoneSimulator.Deploy.0 = Debug|Any CPU
		{64830E06-BB38-4185-9DB1-A05048A3139C}.Debug|x64.ActiveCfg = Debug|Any CPU
		{64830E06-BB38-4185-9DB1-A05048A3139C}.Debug|x64.Build.0 = Debug|Any CPU
		{64830E06-BB38-4185-9DB1-A05048A3139C}.Debug|x64.Deploy.0 = Debug|Any CPU
		{64830E06-BB38-4185-9DB1-A05048A3139C}.Debug|x86.ActiveCfg = Debug|Any CPU
		{64830E06-BB38-4185-9DB1-A05048A3139C}.Debug|x86.Build.0 = Debug|Any CPU
		{64830E06-BB38-4185-9DB1-A05048A3139C}.Debug|x86.Deploy.0 = Debug|Any CPU
		{64830E06-BB38-4185-9DB1-A05048A3139C}.Release|Any CPU.ActiveCfg = Release|Any CPU
		{64830E06-BB38-4185-9DB1-A05048A3139C}.Release|Any CPU.Build.0 = Release|Any CPU
		{64830E06-BB38-4185-9DB1-A05048A3139C}.Release|Any CPU.Deploy.0 = Release|Any CPU
		{64830E06-BB38-4185-9DB1-A05048A3139C}.Release|ARM.ActiveCfg = Release|Any CPU
		{64830E06-BB38-4185-9DB1-A05048A3139C}.Release|ARM.Build.0 = Release|Any CPU
		{64830E06-BB38-4185-9DB1-A05048A3139C}.Release|ARM.Deploy.0 = Release|Any CPU
		{64830E06-BB38-4185-9DB1-A05048A3139C}.Release|iPhone.ActiveCfg = Release|Any CPU
		{64830E06-BB38-4185-9DB1-A05048A3139C}.Release|iPhone.Build.0 = Release|Any CPU
		{64830E06-BB38-4185-9DB1-A05048A3139C}.Release|iPhone.Deploy.0 = Release|Any CPU
		{64830E06-BB38-4185-9DB1-A05048A3139C}.Release|iPhoneSimulator.ActiveCfg = Release|Any CPU
		{64830E06-BB38-4185-9DB1-A05048A3139C}.Release|iPhoneSimulator.Build.0 = Release|Any CPU
		{64830E06-BB38-4185-9DB1-A05048A3139C}.Release|iPhoneSimulator.Deploy.0 = Release|Any CPU
		{64830E06-BB38-4185-9DB1-A05048A3139C}.Release|x64.ActiveCfg = Release|Any CPU
		{64830E06-BB38-4185-9DB1-A05048A3139C}.Release|x64.Build.0 = Release|Any CPU
		{64830E06-BB38-4185-9DB1-A05048A3139C}.Release|x64.Deploy.0 = Release|Any CPU
		{64830E06-BB38-4185-9DB1-A05048A3139C}.Release|x86.ActiveCfg = Release|Any CPU
		{64830E06-BB38-4185-9DB1-A05048A3139C}.Release|x86.Build.0 = Release|Any CPU
		{64830E06-BB38-4185-9DB1-A05048A3139C}.Release|x86.Deploy.0 = Release|Any CPU
	EndGlobalSection
	GlobalSection(SolutionProperties) = preSolution
		HideSolutionNode = FALSE
	EndGlobalSection
	GlobalSection(ExtensibilityGlobals) = postSolution
		SolutionGuid = {3FDAF448-6747-4727-9B31-A7D608EF8D18}
	EndGlobalSection
EndGlobal
