
Microsoft Visual Studio Solution File, Format Version 12.00
# Visual Studio 15
VisualStudioVersion = 15.0.28307.539
MinimumVisualStudioVersion = 10.0.40219.1
Project("{FAE04EC0-301F-11D3-BF4B-00C04F79EFBC}") = "PaginasBinding.Android", "PaginasBinding\PaginasBinding.Android\PaginasBinding.Android.csproj", "{FA061F1E-F4FA-4549-BE54-8664D5C79987}"
EndProject
Project("{FAE04EC0-301F-11D3-BF4B-00C04F79EFBC}") = "PaginasBinding.iOS", "PaginasBinding\PaginasBinding.iOS\PaginasBinding.iOS.csproj", "{516081DA-9B0C-4A93-8257-A779F44CD13A}"
EndProject
Project("{FAE04EC0-301F-11D3-BF4B-00C04F79EFBC}") = "PaginasBinding.UWP", "PaginasBinding\PaginasBinding.UWP\PaginasBinding.UWP.csproj", "{2FC21188-D4FB-40B9-870F-D9CC333A2896}"
EndProject
Project("{FAE04EC0-301F-11D3-BF4B-00C04F79EFBC}") = "PaginasBinding", "PaginasBinding\PaginasBinding\PaginasBinding.csproj", "{DF487A13-B41F-468E-9369-357328E8313F}"
EndProject
Global
	GlobalSection(SolutionConfigurationPlatforms) = preSolution
		Ad-Hoc|Any CPU = Ad-Hoc|Any CPU
		Ad-Hoc|ARM = Ad-Hoc|ARM
		Ad-Hoc|iPhone = Ad-Hoc|iPhone
		Ad-Hoc|iPhoneSimulator = Ad-Hoc|iPhoneSimulator
		Ad-Hoc|x64 = Ad-Hoc|x64
		Ad-Hoc|x86 = Ad-Hoc|x86
		AppStore|Any CPU = AppStore|Any CPU
		AppStore|ARM = AppStore|ARM
		AppStore|iPhone = AppStore|iPhone
		AppStore|iPhoneSimulator = AppStore|iPhoneSimulator
		AppStore|x64 = AppStore|x64
		AppStore|x86 = AppStore|x86
		Debug|Any CPU = Debug|Any CPU
		Debug|ARM = Debug|ARM
		Debug|iPhone = Debug|iPhone
		Debug|iPhoneSimulator = Debug|iPhoneSimulator
		Debug|x64 = Debug|x64
		Debug|x86 = Debug|x86
		Release|Any CPU = Release|Any CPU
		Release|ARM = Release|ARM
		Release|iPhone = Release|iPhone
		Release|iPhoneSimulator = Release|iPhoneSimulator
		Release|x64 = Release|x64
		Release|x86 = Release|x86
	EndGlobalSection
	GlobalSection(ProjectConfigurationPlatforms) = postSolution
		{FA061F1E-F4FA-4549-BE54-8664D5C79987}.Ad-Hoc|Any CPU.ActiveCfg = Release|Any CPU
		{FA061F1E-F4FA-4549-BE54-8664D5C79987}.Ad-Hoc|Any CPU.Build.0 = Release|Any CPU
		{FA061F1E-F4FA-4549-BE54-8664D5C79987}.Ad-Hoc|Any CPU.Deploy.0 = Release|Any CPU
		{FA061F1E-F4FA-4549-BE54-8664D5C79987}.Ad-Hoc|ARM.ActiveCfg = Release|Any CPU
		{FA061F1E-F4FA-4549-BE54-8664D5C79987}.Ad-Hoc|ARM.Build.0 = Release|Any CPU
		{FA061F1E-F4FA-4549-BE54-8664D5C79987}.Ad-Hoc|ARM.Deploy.0 = Release|Any CPU
		{FA061F1E-F4FA-4549-BE54-8664D5C79987}.Ad-Hoc|iPhone.ActiveCfg = Release|Any CPU
		{FA061F1E-F4FA-4549-BE54-8664D5C79987}.Ad-Hoc|iPhone.Build.0 = Release|Any CPU
		{FA061F1E-F4FA-4549-BE54-8664D5C79987}.Ad-Hoc|iPhone.Deploy.0 = Release|Any CPU
		{FA061F1E-F4FA-4549-BE54-8664D5C79987}.Ad-Hoc|iPhoneSimulator.ActiveCfg = Release|Any CPU
		{FA061F1E-F4FA-4549-BE54-8664D5C79987}.Ad-Hoc|iPhoneSimulator.Build.0 = Release|Any CPU
		{FA061F1E-F4FA-4549-BE54-8664D5C79987}.Ad-Hoc|iPhoneSimulator.Deploy.0 = Release|Any CPU
		{FA061F1E-F4FA-4549-BE54-8664D5C79987}.Ad-Hoc|x64.ActiveCfg = Release|Any CPU
		{FA061F1E-F4FA-4549-BE54-8664D5C79987}.Ad-Hoc|x64.Build.0 = Release|Any CPU
		{FA061F1E-F4FA-4549-BE54-8664D5C79987}.Ad-Hoc|x64.Deploy.0 = Release|Any CPU
		{FA061F1E-F4FA-4549-BE54-8664D5C79987}.Ad-Hoc|x86.ActiveCfg = Release|Any CPU
		{FA061F1E-F4FA-4549-BE54-8664D5C79987}.Ad-Hoc|x86.Build.0 = Release|Any CPU
		{FA061F1E-F4FA-4549-BE54-8664D5C79987}.Ad-Hoc|x86.Deploy.0 = Release|Any CPU
		{FA061F1E-F4FA-4549-BE54-8664D5C79987}.AppStore|Any CPU.ActiveCfg = Release|Any CPU
		{FA061F1E-F4FA-4549-BE54-8664D5C79987}.AppStore|Any CPU.Build.0 = Release|Any CPU
		{FA061F1E-F4FA-4549-BE54-8664D5C79987}.AppStore|Any CPU.Deploy.0 = Release|Any CPU
		{FA061F1E-F4FA-4549-BE54-8664D5C79987}.AppStore|ARM.ActiveCfg = Release|Any CPU
		{FA061F1E-F4FA-4549-BE54-8664D5C79987}.AppStore|ARM.Build.0 = Release|Any CPU
		{FA061F1E-F4FA-4549-BE54-8664D5C79987}.AppStore|ARM.Deploy.0 = Release|Any CPU
		{FA061F1E-F4FA-4549-BE54-8664D5C79987}.AppStore|iPhone.ActiveCfg = Release|Any CPU
		{FA061F1E-F4FA-4549-BE54-8664D5C79987}.AppStore|iPhone.Build.0 = Release|Any CPU
		{FA061F1E-F4FA-4549-BE54-8664D5C79987}.AppStore|iPhone.Deploy.0 = Release|Any CPU
		{FA061F1E-F4FA-4549-BE54-8664D5C79987}.AppStore|iPhoneSimulator.ActiveCfg = Release|Any CPU
		{FA061F1E-F4FA-4549-BE54-8664D5C79987}.AppStore|iPhoneSimulator.Build.0 = Release|Any CPU
		{FA061F1E-F4FA-4549-BE54-8664D5C79987}.AppStore|iPhoneSimulator.Deploy.0 = Release|Any CPU
		{FA061F1E-F4FA-4549-BE54-8664D5C79987}.AppStore|x64.ActiveCfg = Release|Any CPU
		{FA061F1E-F4FA-4549-BE54-8664D5C79987}.AppStore|x64.Build.0 = Release|Any CPU
		{FA061F1E-F4FA-4549-BE54-8664D5C79987}.AppStore|x64.Deploy.0 = Release|Any CPU
		{FA061F1E-F4FA-4549-BE54-8664D5C79987}.AppStore|x86.ActiveCfg = Release|Any CPU
		{FA061F1E-F4FA-4549-BE54-8664D5C79987}.AppStore|x86.Build.0 = Release|Any CPU
		{FA061F1E-F4FA-4549-BE54-8664D5C79987}.AppStore|x86.Deploy.0 = Release|Any CPU
		{FA061F1E-F4FA-4549-BE54-8664D5C79987}.Debug|Any CPU.ActiveCfg = Debug|Any CPU
		{FA061F1E-F4FA-4549-BE54-8664D5C79987}.Debug|Any CPU.Build.0 = Debug|Any CPU
		{FA061F1E-F4FA-4549-BE54-8664D5C79987}.Debug|Any CPU.Deploy.0 = Debug|Any CPU
		{FA061F1E-F4FA-4549-BE54-8664D5C79987}.Debug|ARM.ActiveCfg = Debug|Any CPU
		{FA061F1E-F4FA-4549-BE54-8664D5C79987}.Debug|ARM.Build.0 = Debug|Any CPU
		{FA061F1E-F4FA-4549-BE54-8664D5C79987}.Debug|ARM.Deploy.0 = Debug|Any CPU
		{FA061F1E-F4FA-4549-BE54-8664D5C79987}.Debug|iPhone.ActiveCfg = Debug|Any CPU
		{FA061F1E-F4FA-4549-BE54-8664D5C79987}.Debug|iPhone.Build.0 = Debug|Any CPU
		{FA061F1E-F4FA-4549-BE54-8664D5C79987}.Debug|iPhone.Deploy.0 = Debug|Any CPU
		{FA061F1E-F4FA-4549-BE54-8664D5C79987}.Debug|iPhoneSimulator.ActiveCfg = Debug|Any CPU
		{FA061F1E-F4FA-4549-BE54-8664D5C79987}.Debug|iPhoneSimulator.Build.0 = Debug|Any CPU
		{FA061F1E-F4FA-4549-BE54-8664D5C79987}.Debug|iPhoneSimulator.Deploy.0 = Debug|Any CPU
		{FA061F1E-F4FA-4549-BE54-8664D5C79987}.Debug|x64.ActiveCfg = Debug|Any CPU
		{FA061F1E-F4FA-4549-BE54-8664D5C79987}.Debug|x64.Build.0 = Debug|Any CPU
		{FA061F1E-F4FA-4549-BE54-8664D5C79987}.Debug|x64.Deploy.0 = Debug|Any CPU
		{FA061F1E-F4FA-4549-BE54-8664D5C79987}.Debug|x86.ActiveCfg = Debug|Any CPU
		{FA061F1E-F4FA-4549-BE54-8664D5C79987}.Debug|x86.Build.0 = Debug|Any CPU
		{FA061F1E-F4FA-4549-BE54-8664D5C79987}.Debug|x86.Deploy.0 = Debug|Any CPU
		{FA061F1E-F4FA-4549-BE54-8664D5C79987}.Release|Any CPU.ActiveCfg = Release|Any CPU
		{FA061F1E-F4FA-4549-BE54-8664D5C79987}.Release|Any CPU.Build.0 = Release|Any CPU
		{FA061F1E-F4FA-4549-BE54-8664D5C79987}.Release|Any CPU.Deploy.0 = Release|Any CPU
		{FA061F1E-F4FA-4549-BE54-8664D5C79987}.Release|ARM.ActiveCfg = Release|Any CPU
		{FA061F1E-F4FA-4549-BE54-8664D5C79987}.Release|ARM.Build.0 = Release|Any CPU
		{FA061F1E-F4FA-4549-BE54-8664D5C79987}.Release|ARM.Deploy.0 = Release|Any CPU
		{FA061F1E-F4FA-4549-BE54-8664D5C79987}.Release|iPhone.ActiveCfg = Release|Any CPU
		{FA061F1E-F4FA-4549-BE54-8664D5C79987}.Release|iPhone.Build.0 = Release|Any CPU
		{FA061F1E-F4FA-4549-BE54-8664D5C79987}.Release|iPhone.Deploy.0 = Release|Any CPU
		{FA061F1E-F4FA-4549-BE54-8664D5C79987}.Release|iPhoneSimulator.ActiveCfg = Release|Any CPU
		{FA061F1E-F4FA-4549-BE54-8664D5C79987}.Release|iPhoneSimulator.Build.0 = Release|Any CPU
		{FA061F1E-F4FA-4549-BE54-8664D5C79987}.Release|iPhoneSimulator.Deploy.0 = Release|Any CPU
		{FA061F1E-F4FA-4549-BE54-8664D5C79987}.Release|x64.ActiveCfg = Release|Any CPU
		{FA061F1E-F4FA-4549-BE54-8664D5C79987}.Release|x64.Build.0 = Release|Any CPU
		{FA061F1E-F4FA-4549-BE54-8664D5C79987}.Release|x64.Deploy.0 = Release|Any CPU
		{FA061F1E-F4FA-4549-BE54-8664D5C79987}.Release|x86.ActiveCfg = Release|Any CPU
		{FA061F1E-F4FA-4549-BE54-8664D5C79987}.Release|x86.Build.0 = Release|Any CPU
		{FA061F1E-F4FA-4549-BE54-8664D5C79987}.Release|x86.Deploy.0 = Release|Any CPU
		{516081DA-9B0C-4A93-8257-A779F44CD13A}.Ad-Hoc|Any CPU.ActiveCfg = Ad-Hoc|iPhone
		{516081DA-9B0C-4A93-8257-A779F44CD13A}.Ad-Hoc|Any CPU.Build.0 = Ad-Hoc|iPhone
		{516081DA-9B0C-4A93-8257-A779F44CD13A}.Ad-Hoc|Any CPU.Deploy.0 = Ad-Hoc|iPhone
		{516081DA-9B0C-4A93-8257-A779F44CD13A}.Ad-Hoc|ARM.ActiveCfg = Ad-Hoc|iPhone
		{516081DA-9B0C-4A93-8257-A779F44CD13A}.Ad-Hoc|ARM.Build.0 = Ad-Hoc|iPhone
		{516081DA-9B0C-4A93-8257-A779F44CD13A}.Ad-Hoc|ARM.Deploy.0 = Ad-Hoc|iPhone
		{516081DA-9B0C-4A93-8257-A779F44CD13A}.Ad-Hoc|iPhone.ActiveCfg = Ad-Hoc|iPhone
		{516081DA-9B0C-4A93-8257-A779F44CD13A}.Ad-Hoc|iPhone.Build.0 = Ad-Hoc|iPhone
		{516081DA-9B0C-4A93-8257-A779F44CD13A}.Ad-Hoc|iPhone.Deploy.0 = Ad-Hoc|iPhone
		{516081DA-9B0C-4A93-8257-A779F44CD13A}.Ad-Hoc|iPhoneSimulator.ActiveCfg = Ad-Hoc|iPhoneSimulator
		{516081DA-9B0C-4A93-8257-A779F44CD13A}.Ad-Hoc|iPhoneSimulator.Build.0 = Ad-Hoc|iPhoneSimulator
		{516081DA-9B0C-4A93-8257-A779F44CD13A}.Ad-Hoc|iPhoneSimulator.Deploy.0 = Ad-Hoc|iPhoneSimulator
		{516081DA-9B0C-4A93-8257-A779F44CD13A}.Ad-Hoc|x64.ActiveCfg = Ad-Hoc|iPhone
		{516081DA-9B0C-4A93-8257-A779F44CD13A}.Ad-Hoc|x64.Build.0 = Ad-Hoc|iPhone
		{516081DA-9B0C-4A93-8257-A779F44CD13A}.Ad-Hoc|x64.Deploy.0 = Ad-Hoc|iPhone
		{516081DA-9B0C-4A93-8257-A779F44CD13A}.Ad-Hoc|x86.ActiveCfg = Ad-Hoc|iPhone
		{516081DA-9B0C-4A93-8257-A779F44CD13A}.Ad-Hoc|x86.Build.0 = Ad-Hoc|iPhone
		{516081DA-9B0C-4A93-8257-A779F44CD13A}.Ad-Hoc|x86.Deploy.0 = Ad-Hoc|iPhone
		{516081DA-9B0C-4A93-8257-A779F44CD13A}.AppStore|Any CPU.ActiveCfg = AppStore|iPhone
		{516081DA-9B0C-4A93-8257-A779F44CD13A}.AppStore|Any CPU.Build.0 = AppStore|iPhone
		{516081DA-9B0C-4A93-8257-A779F44CD13A}.AppStore|Any CPU.Deploy.0 = AppStore|iPhone
		{516081DA-9B0C-4A93-8257-A779F44CD13A}.AppStore|ARM.ActiveCfg = AppStore|iPhone
		{516081DA-9B0C-4A93-8257-A779F44CD13A}.AppStore|ARM.Build.0 = AppStore|iPhone
		{516081DA-9B0C-4A93-8257-A779F44CD13A}.AppStore|ARM.Deploy.0 = AppStore|iPhone
		{516081DA-9B0C-4A93-8257-A779F44CD13A}.AppStore|iPhone.ActiveCfg = AppStore|iPhone
		{516081DA-9B0C-4A93-8257-A779F44CD13A}.AppStore|iPhone.Build.0 = AppStore|iPhone
		{516081DA-9B0C-4A93-8257-A779F44CD13A}.AppStore|iPhone.Deploy.0 = AppStore|iPhone
		{516081DA-9B0C-4A93-8257-A779F44CD13A}.AppStore|iPhoneSimulator.ActiveCfg = AppStore|iPhoneSimulator
		{516081DA-9B0C-4A93-8257-A779F44CD13A}.AppStore|iPhoneSimulator.Build.0 = AppStore|iPhoneSimulator
		{516081DA-9B0C-4A93-8257-A779F44CD13A}.AppStore|iPhoneSimulator.Deploy.0 = AppStore|iPhoneSimulator
		{516081DA-9B0C-4A93-8257-A779F44CD13A}.AppStore|x64.ActiveCfg = AppStore|iPhone
		{516081DA-9B0C-4A93-8257-A779F44CD13A}.AppStore|x64.Build.0 = AppStore|iPhone
		{516081DA-9B0C-4A93-8257-A779F44CD13A}.AppStore|x64.Deploy.0 = AppStore|iPhone
		{516081DA-9B0C-4A93-8257-A779F44CD13A}.AppStore|x86.ActiveCfg = AppStore|iPhone
		{516081DA-9B0C-4A93-8257-A779F44CD13A}.AppStore|x86.Build.0 = AppStore|iPhone
		{516081DA-9B0C-4A93-8257-A779F44CD13A}.AppStore|x86.Deploy.0 = AppStore|iPhone
		{516081DA-9B0C-4A93-8257-A779F44CD13A}.Debug|Any CPU.ActiveCfg = Debug|iPhoneSimulator
		{516081DA-9B0C-4A93-8257-A779F44CD13A}.Debug|Any CPU.Build.0 = Debug|iPhoneSimulator
		{516081DA-9B0C-4A93-8257-A779F44CD13A}.Debug|Any CPU.Deploy.0 = Debug|iPhoneSimulator
		{516081DA-9B0C-4A93-8257-A779F44CD13A}.Debug|ARM.ActiveCfg = Debug|iPhone
		{516081DA-9B0C-4A93-8257-A779F44CD13A}.Debug|ARM.Build.0 = Debug|iPhone
		{516081DA-9B0C-4A93-8257-A779F44CD13A}.Debug|ARM.Deploy.0 = Debug|iPhone
		{516081DA-9B0C-4A93-8257-A779F44CD13A}.Debug|iPhone.ActiveCfg = Debug|iPhone
		{516081DA-9B0C-4A93-8257-A779F44CD13A}.Debug|iPhone.Build.0 = Debug|iPhone
		{516081DA-9B0C-4A93-8257-A779F44CD13A}.Debug|iPhone.Deploy.0 = Debug|iPhone
		{516081DA-9B0C-4A93-8257-A779F44CD13A}.Debug|iPhoneSimulator.ActiveCfg = Debug|iPhoneSimulator
		{516081DA-9B0C-4A93-8257-A779F44CD13A}.Debug|iPhoneSimulator.Build.0 = Debug|iPhoneSimulator
		{516081DA-9B0C-4A93-8257-A779F44CD13A}.Debug|iPhoneSimulator.Deploy.0 = Debug|iPhoneSimulator
		{516081DA-9B0C-4A93-8257-A779F44CD13A}.Debug|x64.ActiveCfg = Debug|iPhone
		{516081DA-9B0C-4A93-8257-A779F44CD13A}.Debug|x64.Build.0 = Debug|iPhone
		{516081DA-9B0C-4A93-8257-A779F44CD13A}.Debug|x64.Deploy.0 = Debug|iPhone
		{516081DA-9B0C-4A93-8257-A779F44CD13A}.Debug|x86.ActiveCfg = Debug|iPhone
		{516081DA-9B0C-4A93-8257-A779F44CD13A}.Debug|x86.Build.0 = Debug|iPhone
		{516081DA-9B0C-4A93-8257-A779F44CD13A}.Debug|x86.Deploy.0 = Debug|iPhone
		{516081DA-9B0C-4A93-8257-A779F44CD13A}.Release|Any CPU.ActiveCfg = Release|iPhone
		{516081DA-9B0C-4A93-8257-A779F44CD13A}.Release|Any CPU.Build.0 = Release|iPhone
		{516081DA-9B0C-4A93-8257-A779F44CD13A}.Release|Any CPU.Deploy.0 = Release|iPhone
		{516081DA-9B0C-4A93-8257-A779F44CD13A}.Release|ARM.ActiveCfg = Release|iPhone
		{516081DA-9B0C-4A93-8257-A779F44CD13A}.Release|ARM.Build.0 = Release|iPhone
		{516081DA-9B0C-4A93-8257-A779F44CD13A}.Release|ARM.Deploy.0 = Release|iPhone
		{516081DA-9B0C-4A93-8257-A779F44CD13A}.Release|iPhone.ActiveCfg = Release|iPhone
		{516081DA-9B0C-4A93-8257-A779F44CD13A}.Release|iPhone.Build.0 = Release|iPhone
		{516081DA-9B0C-4A93-8257-A779F44CD13A}.Release|iPhone.Deploy.0 = Release|iPhone
		{516081DA-9B0C-4A93-8257-A779F44CD13A}.Release|iPhoneSimulator.ActiveCfg = Release|iPhoneSimulator
		{516081DA-9B0C-4A93-8257-A779F44CD13A}.Release|iPhoneSimulator.Build.0 = Release|iPhoneSimulator
		{516081DA-9B0C-4A93-8257-A779F44CD13A}.Release|iPhoneSimulator.Deploy.0 = Release|iPhoneSimulator
		{516081DA-9B0C-4A93-8257-A779F44CD13A}.Release|x64.ActiveCfg = Release|iPhone
		{516081DA-9B0C-4A93-8257-A779F44CD13A}.Release|x64.Build.0 = Release|iPhone
		{516081DA-9B0C-4A93-8257-A779F44CD13A}.Release|x64.Deploy.0 = Release|iPhone
		{516081DA-9B0C-4A93-8257-A779F44CD13A}.Release|x86.ActiveCfg = Release|iPhone
		{516081DA-9B0C-4A93-8257-A779F44CD13A}.Release|x86.Build.0 = Release|iPhone
		{516081DA-9B0C-4A93-8257-A779F44CD13A}.Release|x86.Deploy.0 = Release|iPhone
		{2FC21188-D4FB-40B9-870F-D9CC333A2896}.Ad-Hoc|Any CPU.ActiveCfg = Release|x86
		{2FC21188-D4FB-40B9-870F-D9CC333A2896}.Ad-Hoc|Any CPU.Build.0 = Release|x86
		{2FC21188-D4FB-40B9-870F-D9CC333A2896}.Ad-Hoc|Any CPU.Deploy.0 = Release|x86
		{2FC21188-D4FB-40B9-870F-D9CC333A2896}.Ad-Hoc|ARM.ActiveCfg = Release|ARM
		{2FC21188-D4FB-40B9-870F-D9CC333A2896}.Ad-Hoc|ARM.Build.0 = Release|ARM
		{2FC21188-D4FB-40B9-870F-D9CC333A2896}.Ad-Hoc|ARM.Deploy.0 = Release|ARM
		{2FC21188-D4FB-40B9-870F-D9CC333A2896}.Ad-Hoc|iPhone.ActiveCfg = Release|x86
		{2FC21188-D4FB-40B9-870F-D9CC333A2896}.Ad-Hoc|iPhone.Build.0 = Release|x86
		{2FC21188-D4FB-40B9-870F-D9CC333A2896}.Ad-Hoc|iPhone.Deploy.0 = Release|x86
		{2FC21188-D4FB-40B9-870F-D9CC333A2896}.Ad-Hoc|iPhoneSimulator.ActiveCfg = Release|x86
		{2FC21188-D4FB-40B9-870F-D9CC333A2896}.Ad-Hoc|iPhoneSimulator.Build.0 = Release|x86
		{2FC21188-D4FB-40B9-870F-D9CC333A2896}.Ad-Hoc|iPhoneSimulator.Deploy.0 = Release|x86
		{2FC21188-D4FB-40B9-870F-D9CC333A2896}.Ad-Hoc|x64.ActiveCfg = Release|x64
		{2FC21188-D4FB-40B9-870F-D9CC333A2896}.Ad-Hoc|x64.Build.0 = Release|x64
		{2FC21188-D4FB-40B9-870F-D9CC333A2896}.Ad-Hoc|x64.Deploy.0 = Release|x64
		{2FC21188-D4FB-40B9-870F-D9CC333A2896}.Ad-Hoc|x86.ActiveCfg = Release|x86
		{2FC21188-D4FB-40B9-870F-D9CC333A2896}.Ad-Hoc|x86.Build.0 = Release|x86
		{2FC21188-D4FB-40B9-870F-D9CC333A2896}.Ad-Hoc|x86.Deploy.0 = Release|x86
		{2FC21188-D4FB-40B9-870F-D9CC333A2896}.AppStore|Any CPU.ActiveCfg = Release|x86
		{2FC21188-D4FB-40B9-870F-D9CC333A2896}.AppStore|Any CPU.Build.0 = Release|x86
		{2FC21188-D4FB-40B9-870F-D9CC333A2896}.AppStore|Any CPU.Deploy.0 = Release|x86
		{2FC21188-D4FB-40B9-870F-D9CC333A2896}.AppStore|ARM.ActiveCfg = Release|ARM
		{2FC21188-D4FB-40B9-870F-D9CC333A2896}.AppStore|ARM.Build.0 = Release|ARM
		{2FC21188-D4FB-40B9-870F-D9CC333A2896}.AppStore|ARM.Deploy.0 = Release|ARM
		{2FC21188-D4FB-40B9-870F-D9CC333A2896}.AppStore|iPhone.ActiveCfg = Release|x86
		{2FC21188-D4FB-40B9-870F-D9CC333A2896}.AppStore|iPhone.Build.0 = Release|x86
		{2FC21188-D4FB-40B9-870F-D9CC333A2896}.AppStore|iPhone.Deploy.0 = Release|x86
		{2FC21188-D4FB-40B9-870F-D9CC333A2896}.AppStore|iPhoneSimulator.ActiveCfg = Release|x86
		{2FC21188-D4FB-40B9-870F-D9CC333A2896}.AppStore|iPhoneSimulator.Build.0 = Release|x86
		{2FC21188-D4FB-40B9-870F-D9CC333A2896}.AppStore|iPhoneSimulator.Deploy.0 = Release|x86
		{2FC21188-D4FB-40B9-870F-D9CC333A2896}.AppStore|x64.ActiveCfg = Release|x64
		{2FC21188-D4FB-40B9-870F-D9CC333A2896}.AppStore|x64.Build.0 = Release|x64
		{2FC21188-D4FB-40B9-870F-D9CC333A2896}.AppStore|x64.Deploy.0 = Release|x64
		{2FC21188-D4FB-40B9-870F-D9CC333A2896}.AppStore|x86.ActiveCfg = Release|x86
		{2FC21188-D4FB-40B9-870F-D9CC333A2896}.AppStore|x86.Build.0 = Release|x86
		{2FC21188-D4FB-40B9-870F-D9CC333A2896}.AppStore|x86.Deploy.0 = Release|x86
		{2FC21188-D4FB-40B9-870F-D9CC333A2896}.Debug|Any CPU.ActiveCfg = Debug|x86
		{2FC21188-D4FB-40B9-870F-D9CC333A2896}.Debug|Any CPU.Build.0 = Debug|x86
		{2FC21188-D4FB-40B9-870F-D9CC333A2896}.Debug|Any CPU.Deploy.0 = Debug|x86
		{2FC21188-D4FB-40B9-870F-D9CC333A2896}.Debug|ARM.ActiveCfg = Debug|ARM
		{2FC21188-D4FB-40B9-870F-D9CC333A2896}.Debug|ARM.Build.0 = Debug|ARM
		{2FC21188-D4FB-40B9-870F-D9CC333A2896}.Debug|ARM.Deploy.0 = Debug|ARM
		{2FC21188-D4FB-40B9-870F-D9CC333A2896}.Debug|iPhone.ActiveCfg = Debug|x86
		{2FC21188-D4FB-40B9-870F-D9CC333A2896}.Debug|iPhone.Build.0 = Debug|x86
		{2FC21188-D4FB-40B9-870F-D9CC333A2896}.Debug|iPhone.Deploy.0 = Debug|x86
		{2FC21188-D4FB-40B9-870F-D9CC333A2896}.Debug|iPhoneSimulator.ActiveCfg = Debug|x86
		{2FC21188-D4FB-40B9-870F-D9CC333A2896}.Debug|iPhoneSimulator.Build.0 = Debug|x86
		{2FC21188-D4FB-40B9-870F-D9CC333A2896}.Debug|iPhoneSimulator.Deploy.0 = Debug|x86
		{2FC21188-D4FB-40B9-870F-D9CC333A2896}.Debug|x64.ActiveCfg = Debug|x64
		{2FC21188-D4FB-40B9-870F-D9CC333A2896}.Debug|x64.Build.0 = Debug|x64
		{2FC21188-D4FB-40B9-870F-D9CC333A2896}.Debug|x64.Deploy.0 = Debug|x64
		{2FC21188-D4FB-40B9-870F-D9CC333A2896}.Debug|x86.ActiveCfg = Debug|x86
		{2FC21188-D4FB-40B9-870F-D9CC333A2896}.Debug|x86.Build.0 = Debug|x86
		{2FC21188-D4FB-40B9-870F-D9CC333A2896}.Debug|x86.Deploy.0 = Debug|x86
		{2FC21188-D4FB-40B9-870F-D9CC333A2896}.Release|Any CPU.ActiveCfg = Release|x86
		{2FC21188-D4FB-40B9-870F-D9CC333A2896}.Release|Any CPU.Build.0 = Release|x86
		{2FC21188-D4FB-40B9-870F-D9CC333A2896}.Release|Any CPU.Deploy.0 = Release|x86
		{2FC21188-D4FB-40B9-870F-D9CC333A2896}.Release|ARM.ActiveCfg = Release|ARM
		{2FC21188-D4FB-40B9-870F-D9CC333A2896}.Release|ARM.Build.0 = Release|ARM
		{2FC21188-D4FB-40B9-870F-D9CC333A2896}.Release|ARM.Deploy.0 = Release|ARM
		{2FC21188-D4FB-40B9-870F-D9CC333A2896}.Release|iPhone.ActiveCfg = Release|x86
		{2FC21188-D4FB-40B9-870F-D9CC333A2896}.Release|iPhone.Build.0 = Release|x86
		{2FC21188-D4FB-40B9-870F-D9CC333A2896}.Release|iPhone.Deploy.0 = Release|x86
		{2FC21188-D4FB-40B9-870F-D9CC333A2896}.Release|iPhoneSimulator.ActiveCfg = Release|x86
		{2FC21188-D4FB-40B9-870F-D9CC333A2896}.Release|iPhoneSimulator.Build.0 = Release|x86
		{2FC21188-D4FB-40B9-870F-D9CC333A2896}.Release|iPhoneSimulator.Deploy.0 = Release|x86
		{2FC21188-D4FB-40B9-870F-D9CC333A2896}.Release|x64.ActiveCfg = Release|x64
		{2FC21188-D4FB-40B9-870F-D9CC333A2896}.Release|x64.Build.0 = Release|x64
		{2FC21188-D4FB-40B9-870F-D9CC333A2896}.Release|x64.Deploy.0 = Release|x64
		{2FC21188-D4FB-40B9-870F-D9CC333A2896}.Release|x86.ActiveCfg = Release|x86
		{2FC21188-D4FB-40B9-870F-D9CC333A2896}.Release|x86.Build.0 = Release|x86
		{2FC21188-D4FB-40B9-870F-D9CC333A2896}.Release|x86.Deploy.0 = Release|x86
		{DF487A13-B41F-468E-9369-357328E8313F}.Ad-Hoc|Any CPU.ActiveCfg = Debug|Any CPU
		{DF487A13-B41F-468E-9369-357328E8313F}.Ad-Hoc|Any CPU.Build.0 = Debug|Any CPU
		{DF487A13-B41F-468E-9369-357328E8313F}.Ad-Hoc|Any CPU.Deploy.0 = Debug|Any CPU
		{DF487A13-B41F-468E-9369-357328E8313F}.Ad-Hoc|ARM.ActiveCfg = Debug|Any CPU
		{DF487A13-B41F-468E-9369-357328E8313F}.Ad-Hoc|ARM.Build.0 = Debug|Any CPU
		{DF487A13-B41F-468E-9369-357328E8313F}.Ad-Hoc|ARM.Deploy.0 = Debug|Any CPU
		{DF487A13-B41F-468E-9369-357328E8313F}.Ad-Hoc|iPhone.ActiveCfg = Debug|Any CPU
		{DF487A13-B41F-468E-9369-357328E8313F}.Ad-Hoc|iPhone.Build.0 = Debug|Any CPU
		{DF487A13-B41F-468E-9369-357328E8313F}.Ad-Hoc|iPhone.Deploy.0 = Debug|Any CPU
		{DF487A13-B41F-468E-9369-357328E8313F}.Ad-Hoc|iPhoneSimulator.ActiveCfg = Debug|Any CPU
		{DF487A13-B41F-468E-9369-357328E8313F}.Ad-Hoc|iPhoneSimulator.Build.0 = Debug|Any CPU
		{DF487A13-B41F-468E-9369-357328E8313F}.Ad-Hoc|iPhoneSimulator.Deploy.0 = Debug|Any CPU
		{DF487A13-B41F-468E-9369-357328E8313F}.Ad-Hoc|x64.ActiveCfg = Debug|Any CPU
		{DF487A13-B41F-468E-9369-357328E8313F}.Ad-Hoc|x64.Build.0 = Debug|Any CPU
		{DF487A13-B41F-468E-9369-357328E8313F}.Ad-Hoc|x64.Deploy.0 = Debug|Any CPU
		{DF487A13-B41F-468E-9369-357328E8313F}.Ad-Hoc|x86.ActiveCfg = Debug|Any CPU
		{DF487A13-B41F-468E-9369-357328E8313F}.Ad-Hoc|x86.Build.0 = Debug|Any CPU
		{DF487A13-B41F-468E-9369-357328E8313F}.Ad-Hoc|x86.Deploy.0 = Debug|Any CPU
		{DF487A13-B41F-468E-9369-357328E8313F}.AppStore|Any CPU.ActiveCfg = Debug|Any CPU
		{DF487A13-B41F-468E-9369-357328E8313F}.AppStore|Any CPU.Build.0 = Debug|Any CPU
		{DF487A13-B41F-468E-9369-357328E8313F}.AppStore|Any CPU.Deploy.0 = Debug|Any CPU
		{DF487A13-B41F-468E-9369-357328E8313F}.AppStore|ARM.ActiveCfg = Debug|Any CPU
		{DF487A13-B41F-468E-9369-357328E8313F}.AppStore|ARM.Build.0 = Debug|Any CPU
		{DF487A13-B41F-468E-9369-357328E8313F}.AppStore|ARM.Deploy.0 = Debug|Any CPU
		{DF487A13-B41F-468E-9369-357328E8313F}.AppStore|iPhone.ActiveCfg = Debug|Any CPU
		{DF487A13-B41F-468E-9369-357328E8313F}.AppStore|iPhone.Build.0 = Debug|Any CPU
		{DF487A13-B41F-468E-9369-357328E8313F}.AppStore|iPhone.Deploy.0 = Debug|Any CPU
		{DF487A13-B41F-468E-9369-357328E8313F}.AppStore|iPhoneSimulator.ActiveCfg = Debug|Any CPU
		{DF487A13-B41F-468E-9369-357328E8313F}.AppStore|iPhoneSimulator.Build.0 = Debug|Any CPU
		{DF487A13-B41F-468E-9369-357328E8313F}.AppStore|iPhoneSimulator.Deploy.0 = Debug|Any CPU
		{DF487A13-B41F-468E-9369-357328E8313F}.AppStore|x64.ActiveCfg = Debug|Any CPU
		{DF487A13-B41F-468E-9369-357328E8313F}.AppStore|x64.Build.0 = Debug|Any CPU
		{DF487A13-B41F-468E-9369-357328E8313F}.AppStore|x64.Deploy.0 = Debug|Any CPU
		{DF487A13-B41F-468E-9369-357328E8313F}.AppStore|x86.ActiveCfg = Debug|Any CPU
		{DF487A13-B41F-468E-9369-357328E8313F}.AppStore|x86.Build.0 = Debug|Any CPU
		{DF487A13-B41F-468E-9369-357328E8313F}.AppStore|x86.Deploy.0 = Debug|Any CPU
		{DF487A13-B41F-468E-9369-357328E8313F}.Debug|Any CPU.ActiveCfg = Debug|Any CPU
		{DF487A13-B41F-468E-9369-357328E8313F}.Debug|Any CPU.Build.0 = Debug|Any CPU
		{DF487A13-B41F-468E-9369-357328E8313F}.Debug|Any CPU.Deploy.0 = Debug|Any CPU
		{DF487A13-B41F-468E-9369-357328E8313F}.Debug|ARM.ActiveCfg = Debug|Any CPU
		{DF487A13-B41F-468E-9369-357328E8313F}.Debug|ARM.Build.0 = Debug|Any CPU
		{DF487A13-B41F-468E-9369-357328E8313F}.Debug|ARM.Deploy.0 = Debug|Any CPU
		{DF487A13-B41F-468E-9369-357328E8313F}.Debug|iPhone.ActiveCfg = Debug|Any CPU
		{DF487A13-B41F-468E-9369-357328E8313F}.Debug|iPhone.Build.0 = Debug|Any CPU
		{DF487A13-B41F-468E-9369-357328E8313F}.Debug|iPhone.Deploy.0 = Debug|Any CPU
		{DF487A13-B41F-468E-9369-357328E8313F}.Debug|iPhoneSimulator.ActiveCfg = Debug|Any CPU
		{DF487A13-B41F-468E-9369-357328E8313F}.Debug|iPhoneSimulator.Build.0 = Debug|Any CPU
		{DF487A13-B41F-468E-9369-357328E8313F}.Debug|iPhoneSimulator.Deploy.0 = Debug|Any CPU
		{DF487A13-B41F-468E-9369-357328E8313F}.Debug|x64.ActiveCfg = Debug|Any CPU
		{DF487A13-B41F-468E-9369-357328E8313F}.Debug|x64.Build.0 = Debug|Any CPU
		{DF487A13-B41F-468E-9369-357328E8313F}.Debug|x64.Deploy.0 = Debug|Any CPU
		{DF487A13-B41F-468E-9369-357328E8313F}.Debug|x86.ActiveCfg = Debug|Any CPU
		{DF487A13-B41F-468E-9369-357328E8313F}.Debug|x86.Build.0 = Debug|Any CPU
		{DF487A13-B41F-468E-9369-357328E8313F}.Debug|x86.Deploy.0 = Debug|Any CPU
		{DF487A13-B41F-468E-9369-357328E8313F}.Release|Any CPU.ActiveCfg = Release|Any CPU
		{DF487A13-B41F-468E-9369-357328E8313F}.Release|Any CPU.Build.0 = Release|Any CPU
		{DF487A13-B41F-468E-9369-357328E8313F}.Release|Any CPU.Deploy.0 = Release|Any CPU
		{DF487A13-B41F-468E-9369-357328E8313F}.Release|ARM.ActiveCfg = Release|Any CPU
		{DF487A13-B41F-468E-9369-357328E8313F}.Release|ARM.Build.0 = Release|Any CPU
		{DF487A13-B41F-468E-9369-357328E8313F}.Release|ARM.Deploy.0 = Release|Any CPU
		{DF487A13-B41F-468E-9369-357328E8313F}.Release|iPhone.ActiveCfg = Release|Any CPU
		{DF487A13-B41F-468E-9369-357328E8313F}.Release|iPhone.Build.0 = Release|Any CPU
		{DF487A13-B41F-468E-9369-357328E8313F}.Release|iPhone.Deploy.0 = Release|Any CPU
		{DF487A13-B41F-468E-9369-357328E8313F}.Release|iPhoneSimulator.ActiveCfg = Release|Any CPU
		{DF487A13-B41F-468E-9369-357328E8313F}.Release|iPhoneSimulator.Build.0 = Release|Any CPU
		{DF487A13-B41F-468E-9369-357328E8313F}.Release|iPhoneSimulator.Deploy.0 = Release|Any CPU
		{DF487A13-B41F-468E-9369-357328E8313F}.Release|x64.ActiveCfg = Release|Any CPU
		{DF487A13-B41F-468E-9369-357328E8313F}.Release|x64.Build.0 = Release|Any CPU
		{DF487A13-B41F-468E-9369-357328E8313F}.Release|x64.Deploy.0 = Release|Any CPU
		{DF487A13-B41F-468E-9369-357328E8313F}.Release|x86.ActiveCfg = Release|Any CPU
		{DF487A13-B41F-468E-9369-357328E8313F}.Release|x86.Build.0 = Release|Any CPU
		{DF487A13-B41F-468E-9369-357328E8313F}.Release|x86.Deploy.0 = Release|Any CPU
	EndGlobalSection
	GlobalSection(SolutionProperties) = preSolution
		HideSolutionNode = FALSE
	EndGlobalSection
	GlobalSection(ExtensibilityGlobals) = postSolution
		SolutionGuid = {4F2C9BF2-B860-4BED-94CE-A76C1C819A2F}
	EndGlobalSection
EndGlobal
